// !$*UTF8*$!
{
	archiveVersion = 1;
	classes = {
	};
	objectVersion = 46;
	objects = {

/* Begin PBXBuildFile section */
		390295D81BCF2E5F00BFB984 /* arrow_back_32px_1181650_easyicon.net.png in Resources */ = {isa = PBXBuildFile; fileRef = 390295D71BCF2E5F00BFB984 /* arrow_back_32px_1181650_easyicon.net.png */; };
		390295DE1BCF2F9800BFB984 /* Menu_24.226579520697px_1183427_easyicon.net.png in Resources */ = {isa = PBXBuildFile; fileRef = 390295DD1BCF2F9800BFB984 /* Menu_24.226579520697px_1183427_easyicon.net.png */; };
		3903D98E1BEA13A200FE6A19 /* MJRefreshAutoFooter.m in Sources */ = {isa = PBXBuildFile; fileRef = 3903D9641BEA13A200FE6A19 /* MJRefreshAutoFooter.m */; };
		3903D98F1BEA13A200FE6A19 /* MJRefreshBackFooter.m in Sources */ = {isa = PBXBuildFile; fileRef = 3903D9661BEA13A200FE6A19 /* MJRefreshBackFooter.m */; };
		3903D9901BEA13A200FE6A19 /* MJRefreshComponent.m in Sources */ = {isa = PBXBuildFile; fileRef = 3903D9681BEA13A200FE6A19 /* MJRefreshComponent.m */; };
		3903D9911BEA13A200FE6A19 /* MJRefreshFooter.m in Sources */ = {isa = PBXBuildFile; fileRef = 3903D96A1BEA13A200FE6A19 /* MJRefreshFooter.m */; };
		3903D9921BEA13A200FE6A19 /* MJRefreshHeader.m in Sources */ = {isa = PBXBuildFile; fileRef = 3903D96C1BEA13A200FE6A19 /* MJRefreshHeader.m */; };
		3903D9931BEA13A200FE6A19 /* MJRefreshAutoGifFooter.m in Sources */ = {isa = PBXBuildFile; fileRef = 3903D9711BEA13A200FE6A19 /* MJRefreshAutoGifFooter.m */; };
		3903D9941BEA13A200FE6A19 /* MJRefreshAutoNormalFooter.m in Sources */ = {isa = PBXBuildFile; fileRef = 3903D9731BEA13A200FE6A19 /* MJRefreshAutoNormalFooter.m */; };
		3903D9951BEA13A200FE6A19 /* MJRefreshAutoStateFooter.m in Sources */ = {isa = PBXBuildFile; fileRef = 3903D9751BEA13A200FE6A19 /* MJRefreshAutoStateFooter.m */; };
		3903D9961BEA13A200FE6A19 /* MJRefreshBackGifFooter.m in Sources */ = {isa = PBXBuildFile; fileRef = 3903D9781BEA13A200FE6A19 /* MJRefreshBackGifFooter.m */; };
		3903D9971BEA13A200FE6A19 /* MJRefreshBackNormalFooter.m in Sources */ = {isa = PBXBuildFile; fileRef = 3903D97A1BEA13A200FE6A19 /* MJRefreshBackNormalFooter.m */; };
		3903D9981BEA13A200FE6A19 /* MJRefreshBackStateFooter.m in Sources */ = {isa = PBXBuildFile; fileRef = 3903D97C1BEA13A200FE6A19 /* MJRefreshBackStateFooter.m */; };
		3903D9991BEA13A200FE6A19 /* MJRefreshGifHeader.m in Sources */ = {isa = PBXBuildFile; fileRef = 3903D97F1BEA13A200FE6A19 /* MJRefreshGifHeader.m */; };
		3903D99A1BEA13A200FE6A19 /* MJRefreshNormalHeader.m in Sources */ = {isa = PBXBuildFile; fileRef = 3903D9811BEA13A200FE6A19 /* MJRefreshNormalHeader.m */; };
		3903D99B1BEA13A200FE6A19 /* MJRefreshStateHeader.m in Sources */ = {isa = PBXBuildFile; fileRef = 3903D9831BEA13A200FE6A19 /* MJRefreshStateHeader.m */; };
		3903D99C1BEA13A200FE6A19 /* MJRefresh.bundle in Resources */ = {isa = PBXBuildFile; fileRef = 3903D9841BEA13A200FE6A19 /* MJRefresh.bundle */; };
		3903D99D1BEA13A200FE6A19 /* MJRefreshConst.m in Sources */ = {isa = PBXBuildFile; fileRef = 3903D9871BEA13A200FE6A19 /* MJRefreshConst.m */; };
		3903D99E1BEA13A200FE6A19 /* UIScrollView+MJExtension.m in Sources */ = {isa = PBXBuildFile; fileRef = 3903D9891BEA13A200FE6A19 /* UIScrollView+MJExtension.m */; };
		3903D99F1BEA13A200FE6A19 /* UIScrollView+MJRefresh.m in Sources */ = {isa = PBXBuildFile; fileRef = 3903D98B1BEA13A200FE6A19 /* UIScrollView+MJRefresh.m */; };
		3903D9A01BEA13A200FE6A19 /* UIView+MJExtension.m in Sources */ = {isa = PBXBuildFile; fileRef = 3903D98D1BEA13A200FE6A19 /* UIView+MJExtension.m */; };
		3915F4C51BDBCDAD006EEB2D /* BlogViewer-Logo.png in Resources */ = {isa = PBXBuildFile; fileRef = 3915F4C41BDBCDAD006EEB2D /* BlogViewer-Logo.png */; };
		3922DAC71B6F0A0E00926C01 /* Reachability.m in Sources */ = {isa = PBXBuildFile; fileRef = 3922DAC61B6F0A0E00926C01 /* Reachability.m */; };
		3922DACB1B6F2C7700926C01 /* Images.xcassets in Resources */ = {isa = PBXBuildFile; fileRef = 3922DACA1B6F2C7700926C01 /* Images.xcassets */; };
		3934223C1BF635D1002FD612 /* IMG_1611.JPG in Resources */ = {isa = PBXBuildFile; fileRef = 393422171BF635D1002FD612 /* IMG_1611.JPG */; };
		3934223D1BF635D1002FD612 /* IMG_1612.JPG in Resources */ = {isa = PBXBuildFile; fileRef = 393422181BF635D1002FD612 /* IMG_1612.JPG */; };
		3934223E1BF635D1002FD612 /* IMG_1613.JPG in Resources */ = {isa = PBXBuildFile; fileRef = 393422191BF635D1002FD612 /* IMG_1613.JPG */; };
		3934223F1BF635D1002FD612 /* IMG_1614.JPG in Resources */ = {isa = PBXBuildFile; fileRef = 3934221A1BF635D1002FD612 /* IMG_1614.JPG */; };
		393422401BF635D1002FD612 /* IMG_1615.JPG in Resources */ = {isa = PBXBuildFile; fileRef = 3934221B1BF635D1002FD612 /* IMG_1615.JPG */; };
		393422411BF635D1002FD612 /* IMG_1616.JPG in Resources */ = {isa = PBXBuildFile; fileRef = 3934221C1BF635D1002FD612 /* IMG_1616.JPG */; };
		393422421BF635D1002FD612 /* IMG_1617.JPG in Resources */ = {isa = PBXBuildFile; fileRef = 3934221D1BF635D1002FD612 /* IMG_1617.JPG */; };
		393422431BF635D1002FD612 /* IMG_1618.JPG in Resources */ = {isa = PBXBuildFile; fileRef = 3934221E1BF635D1002FD612 /* IMG_1618.JPG */; };
		393422441BF635D1002FD612 /* IMG_1619.JPG in Resources */ = {isa = PBXBuildFile; fileRef = 3934221F1BF635D1002FD612 /* IMG_1619.JPG */; };
		393422451BF635D1002FD612 /* IMG_1620.JPG in Resources */ = {isa = PBXBuildFile; fileRef = 393422201BF635D1002FD612 /* IMG_1620.JPG */; };
		393422461BF635D1002FD612 /* IMG_1621.JPG in Resources */ = {isa = PBXBuildFile; fileRef = 393422211BF635D1002FD612 /* IMG_1621.JPG */; };
		393422471BF635D1002FD612 /* IMG_1622.JPG in Resources */ = {isa = PBXBuildFile; fileRef = 393422221BF635D1002FD612 /* IMG_1622.JPG */; };
		393422481BF635D1002FD612 /* IMG_1623.JPG in Resources */ = {isa = PBXBuildFile; fileRef = 393422231BF635D1002FD612 /* IMG_1623.JPG */; };
		393422491BF635D1002FD612 /* IMG_1624.JPG in Resources */ = {isa = PBXBuildFile; fileRef = 393422241BF635D1002FD612 /* IMG_1624.JPG */; };
		3934224A1BF635D1002FD612 /* IMG_1625.JPG in Resources */ = {isa = PBXBuildFile; fileRef = 393422251BF635D1002FD612 /* IMG_1625.JPG */; };
		3934224B1BF635D1002FD612 /* IMG_1626.JPG in Resources */ = {isa = PBXBuildFile; fileRef = 393422261BF635D1002FD612 /* IMG_1626.JPG */; };
		3934224C1BF635D1002FD612 /* IMG_1627.JPG in Resources */ = {isa = PBXBuildFile; fileRef = 393422271BF635D1002FD612 /* IMG_1627.JPG */; };
		3934224D1BF635D1002FD612 /* IMG_1628.JPG in Resources */ = {isa = PBXBuildFile; fileRef = 393422281BF635D1002FD612 /* IMG_1628.JPG */; };
		3934224E1BF635D1002FD612 /* IMG_1629.JPG in Resources */ = {isa = PBXBuildFile; fileRef = 393422291BF635D1002FD612 /* IMG_1629.JPG */; };
		3934224F1BF635D1002FD612 /* IMG_1630.JPG in Resources */ = {isa = PBXBuildFile; fileRef = 3934222A1BF635D1002FD612 /* IMG_1630.JPG */; };
		393422501BF635D1002FD612 /* IMG_1631.JPG in Resources */ = {isa = PBXBuildFile; fileRef = 3934222B1BF635D1002FD612 /* IMG_1631.JPG */; };
		393422511BF635D1002FD612 /* IMG_1632.JPG in Resources */ = {isa = PBXBuildFile; fileRef = 3934222C1BF635D1002FD612 /* IMG_1632.JPG */; };
		393422521BF635D1002FD612 /* IMG_1633.JPG in Resources */ = {isa = PBXBuildFile; fileRef = 3934222D1BF635D1002FD612 /* IMG_1633.JPG */; };
		393422531BF635D1002FD612 /* IMG_1634.JPG in Resources */ = {isa = PBXBuildFile; fileRef = 3934222E1BF635D1002FD612 /* IMG_1634.JPG */; };
		393422541BF635D1002FD612 /* IMG_1635.JPG in Resources */ = {isa = PBXBuildFile; fileRef = 3934222F1BF635D1002FD612 /* IMG_1635.JPG */; };
		393422551BF635D1002FD612 /* IMG_1636.JPG in Resources */ = {isa = PBXBuildFile; fileRef = 393422301BF635D1002FD612 /* IMG_1636.JPG */; };
		393422561BF635D1002FD612 /* IMG_1637.JPG in Resources */ = {isa = PBXBuildFile; fileRef = 393422311BF635D1002FD612 /* IMG_1637.JPG */; };
		393422571BF635D1002FD612 /* IMG_1638.JPG in Resources */ = {isa = PBXBuildFile; fileRef = 393422321BF635D1002FD612 /* IMG_1638.JPG */; };
		393422581BF635D1002FD612 /* IMG_1639.JPG in Resources */ = {isa = PBXBuildFile; fileRef = 393422331BF635D1002FD612 /* IMG_1639.JPG */; };
		393422591BF635D1002FD612 /* IMG_1640.JPG in Resources */ = {isa = PBXBuildFile; fileRef = 393422341BF635D1002FD612 /* IMG_1640.JPG */; };
		3934225A1BF635D1002FD612 /* IMG_1641.JPG in Resources */ = {isa = PBXBuildFile; fileRef = 393422351BF635D1002FD612 /* IMG_1641.JPG */; };
		3934225B1BF635D1002FD612 /* IMG_1642.JPG in Resources */ = {isa = PBXBuildFile; fileRef = 393422361BF635D1002FD612 /* IMG_1642.JPG */; };
		3934225C1BF635D1002FD612 /* IMG_1643.JPG in Resources */ = {isa = PBXBuildFile; fileRef = 393422371BF635D1002FD612 /* IMG_1643.JPG */; };
		3934225D1BF635D1002FD612 /* IMG_1644.JPG in Resources */ = {isa = PBXBuildFile; fileRef = 393422381BF635D1002FD612 /* IMG_1644.JPG */; };
		3934225E1BF635D1002FD612 /* IMG_1645.JPG in Resources */ = {isa = PBXBuildFile; fileRef = 393422391BF635D1002FD612 /* IMG_1645.JPG */; };
		3934225F1BF635D1002FD612 /* IMG_1646.JPG in Resources */ = {isa = PBXBuildFile; fileRef = 3934223A1BF635D1002FD612 /* IMG_1646.JPG */; };
		393422601BF635D1002FD612 /* IMG_1647.JPG in Resources */ = {isa = PBXBuildFile; fileRef = 3934223B1BF635D1002FD612 /* IMG_1647.JPG */; };
		39576B491C51DDB6001D1152 /* GDataXMLNode.m in Sources */ = {isa = PBXBuildFile; fileRef = 39576B481C51DDB6001D1152 /* GDataXMLNode.m */; settings = {COMPILER_FLAGS = "-fno-objc-arc"; }; };
		395B17CE1C0BE9E4008A5D55 /* MemberNameViewController.m in Sources */ = {isa = PBXBuildFile; fileRef = 395B17CD1C0BE9E4008A5D55 /* MemberNameViewController.m */; };
		3961E0391C54BB9D00C503F1 /* AFHTTPSessionManager.m in Sources */ = {isa = PBXBuildFile; fileRef = 3961E02D1C54BB9D00C503F1 /* AFHTTPSessionManager.m */; };
		3961E03A1C54BB9D00C503F1 /* AFNetworkReachabilityManager.m in Sources */ = {isa = PBXBuildFile; fileRef = 3961E0301C54BB9D00C503F1 /* AFNetworkReachabilityManager.m */; };
		3961E03B1C54BB9D00C503F1 /* AFSecurityPolicy.m in Sources */ = {isa = PBXBuildFile; fileRef = 3961E0321C54BB9D00C503F1 /* AFSecurityPolicy.m */; };
		3961E03C1C54BB9D00C503F1 /* AFURLRequestSerialization.m in Sources */ = {isa = PBXBuildFile; fileRef = 3961E0341C54BB9D00C503F1 /* AFURLRequestSerialization.m */; };
		3961E03D1C54BB9D00C503F1 /* AFURLResponseSerialization.m in Sources */ = {isa = PBXBuildFile; fileRef = 3961E0361C54BB9D00C503F1 /* AFURLResponseSerialization.m */; };
		3961E03E1C54BB9D00C503F1 /* AFURLSessionManager.m in Sources */ = {isa = PBXBuildFile; fileRef = 3961E0381C54BB9D00C503F1 /* AFURLSessionManager.m */; };
		397AF2911BA25CC500C93CEE /* BlogXMLParser.m in Sources */ = {isa = PBXBuildFile; fileRef = 397AF2901BA25CC500C93CEE /* BlogXMLParser.m */; };
		3994CC9F1BD0EA1300074D43 /* MBProgressHUD.m in Sources */ = {isa = PBXBuildFile; fileRef = 3994CC9E1BD0EA1300074D43 /* MBProgressHUD.m */; };
		39C727801BB42F3600DF7473 /* Launch Screen.storyboard in Resources */ = {isa = PBXBuildFile; fileRef = 39C7277F1BB42F3600DF7473 /* Launch Screen.storyboard */; };
		39C727871BB4F77F00DF7473 /* Nogizaka46.PNG in Resources */ = {isa = PBXBuildFile; fileRef = 39C727861BB4F77F00DF7473 /* Nogizaka46.PNG */; };
		39D553B81B70F3FC00C0E061 /* IMG_Staff.JPG in Resources */ = {isa = PBXBuildFile; fileRef = 39D553B71B70F3FC00C0E061 /* IMG_Staff.JPG */; };
		39D6BC521C2A9357009B5110 /* MemberBlogTableViewController.m in Sources */ = {isa = PBXBuildFile; fileRef = 39D6BC511C2A9357009B5110 /* MemberBlogTableViewController.m */; };
		39D6BC571C2AE417009B5110 /* MemberNameTableViewCell.m in Sources */ = {isa = PBXBuildFile; fileRef = 39D6BC561C2AE417009B5110 /* MemberNameTableViewCell.m */; };
		39D6BC771C2BEEB1009B5110 /* BlogModel.m in Sources */ = {isa = PBXBuildFile; fileRef = 39D6BC761C2BEEB1009B5110 /* BlogModel.m */; };
		39D7FC6C1C0A8B69008F2E17 /* IISideController.m in Sources */ = {isa = PBXBuildFile; fileRef = 39D7FC661C0A8B69008F2E17 /* IISideController.m */; };
		39D7FC6D1C0A8B69008F2E17 /* IIViewDeckController.m in Sources */ = {isa = PBXBuildFile; fileRef = 39D7FC681C0A8B69008F2E17 /* IIViewDeckController.m */; };
		39D7FC6E1C0A8B69008F2E17 /* IIWrapController.m in Sources */ = {isa = PBXBuildFile; fileRef = 39D7FC6A1C0A8B69008F2E17 /* IIWrapController.m */; };
		39D7FC831C0AA501008F2E17 /* LeftViewController.m in Sources */ = {isa = PBXBuildFile; fileRef = 39D7FC821C0AA501008F2E17 /* LeftViewController.m */; };
		8EEBD3C81B6C670F005F5350 /* main.m in Sources */ = {isa = PBXBuildFile; fileRef = 8EEBD3C71B6C670F005F5350 /* main.m */; };
		8EEBD3CB1B6C670F005F5350 /* AppDelegate.m in Sources */ = {isa = PBXBuildFile; fileRef = 8EEBD3CA1B6C670F005F5350 /* AppDelegate.m */; };
		8EEBD3CE1B6C670F005F5350 /* ViewController.m in Sources */ = {isa = PBXBuildFile; fileRef = 8EEBD3CD1B6C670F005F5350 /* ViewController.m */; };
		8EEBD3D11B6C670F005F5350 /* Main.storyboard in Resources */ = {isa = PBXBuildFile; fileRef = 8EEBD3CF1B6C670F005F5350 /* Main.storyboard */; };
		8EEBD3ED1B6C79CD005F5350 /* BlogTitleTableViewCell.m in Sources */ = {isa = PBXBuildFile; fileRef = 8EEBD3EC1B6C79CD005F5350 /* BlogTitleTableViewCell.m */; };
		8EEBD3F31B6C92DE005F5350 /* DetailViewController.m in Sources */ = {isa = PBXBuildFile; fileRef = 8EEBD3F21B6C92DE005F5350 /* DetailViewController.m */; };
		8EEBD41C1B6DA9F1005F5350 /* IMG_0231.JPG in Resources */ = {isa = PBXBuildFile; fileRef = 8EEBD3F71B6DA9F1005F5350 /* IMG_0231.JPG */; };
		8EEBD41D1B6DA9F1005F5350 /* IMG_0232.JPG in Resources */ = {isa = PBXBuildFile; fileRef = 8EEBD3F81B6DA9F1005F5350 /* IMG_0232.JPG */; };
		8EEBD41E1B6DA9F1005F5350 /* IMG_0233.JPG in Resources */ = {isa = PBXBuildFile; fileRef = 8EEBD3F91B6DA9F1005F5350 /* IMG_0233.JPG */; };
		8EEBD41F1B6DA9F1005F5350 /* IMG_0234.JPG in Resources */ = {isa = PBXBuildFile; fileRef = 8EEBD3FA1B6DA9F1005F5350 /* IMG_0234.JPG */; };
		8EEBD4201B6DA9F1005F5350 /* IMG_0235.JPG in Resources */ = {isa = PBXBuildFile; fileRef = 8EEBD3FB1B6DA9F1005F5350 /* IMG_0235.JPG */; };
		8EEBD4211B6DA9F1005F5350 /* IMG_0236.JPG in Resources */ = {isa = PBXBuildFile; fileRef = 8EEBD3FC1B6DA9F1005F5350 /* IMG_0236.JPG */; };
		8EEBD4221B6DA9F1005F5350 /* IMG_0237.JPG in Resources */ = {isa = PBXBuildFile; fileRef = 8EEBD3FD1B6DA9F1005F5350 /* IMG_0237.JPG */; };
		8EEBD4231B6DA9F1005F5350 /* IMG_0238.JPG in Resources */ = {isa = PBXBuildFile; fileRef = 8EEBD3FE1B6DA9F1005F5350 /* IMG_0238.JPG */; };
		8EEBD4241B6DA9F1005F5350 /* IMG_0239.JPG in Resources */ = {isa = PBXBuildFile; fileRef = 8EEBD3FF1B6DA9F1005F5350 /* IMG_0239.JPG */; };
		8EEBD4251B6DA9F1005F5350 /* IMG_0240.JPG in Resources */ = {isa = PBXBuildFile; fileRef = 8EEBD4001B6DA9F1005F5350 /* IMG_0240.JPG */; };
		8EEBD4261B6DA9F1005F5350 /* IMG_0241.JPG in Resources */ = {isa = PBXBuildFile; fileRef = 8EEBD4011B6DA9F1005F5350 /* IMG_0241.JPG */; };
		8EEBD4271B6DA9F1005F5350 /* IMG_0242.JPG in Resources */ = {isa = PBXBuildFile; fileRef = 8EEBD4021B6DA9F1005F5350 /* IMG_0242.JPG */; };
		8EEBD4281B6DA9F1005F5350 /* IMG_0243.JPG in Resources */ = {isa = PBXBuildFile; fileRef = 8EEBD4031B6DA9F1005F5350 /* IMG_0243.JPG */; };
		8EEBD4291B6DA9F1005F5350 /* IMG_0244.JPG in Resources */ = {isa = PBXBuildFile; fileRef = 8EEBD4041B6DA9F1005F5350 /* IMG_0244.JPG */; };
		8EEBD42A1B6DA9F1005F5350 /* IMG_0245.JPG in Resources */ = {isa = PBXBuildFile; fileRef = 8EEBD4051B6DA9F1005F5350 /* IMG_0245.JPG */; };
		8EEBD42B1B6DA9F1005F5350 /* IMG_0246.JPG in Resources */ = {isa = PBXBuildFile; fileRef = 8EEBD4061B6DA9F1005F5350 /* IMG_0246.JPG */; };
		8EEBD42C1B6DA9F1005F5350 /* IMG_0247.JPG in Resources */ = {isa = PBXBuildFile; fileRef = 8EEBD4071B6DA9F1005F5350 /* IMG_0247.JPG */; };
		8EEBD42D1B6DA9F1005F5350 /* IMG_0248.JPG in Resources */ = {isa = PBXBuildFile; fileRef = 8EEBD4081B6DA9F1005F5350 /* IMG_0248.JPG */; };
		8EEBD42E1B6DA9F1005F5350 /* IMG_0249.JPG in Resources */ = {isa = PBXBuildFile; fileRef = 8EEBD4091B6DA9F1005F5350 /* IMG_0249.JPG */; };
		8EEBD42F1B6DA9F1005F5350 /* IMG_0250.JPG in Resources */ = {isa = PBXBuildFile; fileRef = 8EEBD40A1B6DA9F1005F5350 /* IMG_0250.JPG */; };
		8EEBD4301B6DA9F1005F5350 /* IMG_0251.JPG in Resources */ = {isa = PBXBuildFile; fileRef = 8EEBD40B1B6DA9F1005F5350 /* IMG_0251.JPG */; };
		8EEBD4311B6DA9F1005F5350 /* IMG_0252.JPG in Resources */ = {isa = PBXBuildFile; fileRef = 8EEBD40C1B6DA9F1005F5350 /* IMG_0252.JPG */; };
		8EEBD4321B6DA9F1005F5350 /* IMG_0253.JPG in Resources */ = {isa = PBXBuildFile; fileRef = 8EEBD40D1B6DA9F1005F5350 /* IMG_0253.JPG */; };
		8EEBD4331B6DA9F1005F5350 /* IMG_0254.JPG in Resources */ = {isa = PBXBuildFile; fileRef = 8EEBD40E1B6DA9F1005F5350 /* IMG_0254.JPG */; };
		8EEBD4341B6DA9F1005F5350 /* IMG_0255.JPG in Resources */ = {isa = PBXBuildFile; fileRef = 8EEBD40F1B6DA9F1005F5350 /* IMG_0255.JPG */; };
		8EEBD4351B6DA9F1005F5350 /* IMG_0256.JPG in Resources */ = {isa = PBXBuildFile; fileRef = 8EEBD4101B6DA9F1005F5350 /* IMG_0256.JPG */; };
		8EEBD4361B6DA9F1005F5350 /* IMG_0257.JPG in Resources */ = {isa = PBXBuildFile; fileRef = 8EEBD4111B6DA9F1005F5350 /* IMG_0257.JPG */; };
		8EEBD4371B6DA9F1005F5350 /* IMG_0258.JPG in Resources */ = {isa = PBXBuildFile; fileRef = 8EEBD4121B6DA9F1005F5350 /* IMG_0258.JPG */; };
		8EEBD4381B6DA9F1005F5350 /* IMG_0259.JPG in Resources */ = {isa = PBXBuildFile; fileRef = 8EEBD4131B6DA9F1005F5350 /* IMG_0259.JPG */; };
		8EEBD4391B6DA9F1005F5350 /* IMG_0260.JPG in Resources */ = {isa = PBXBuildFile; fileRef = 8EEBD4141B6DA9F1005F5350 /* IMG_0260.JPG */; };
		8EEBD43A1B6DA9F1005F5350 /* IMG_0261.JPG in Resources */ = {isa = PBXBuildFile; fileRef = 8EEBD4151B6DA9F1005F5350 /* IMG_0261.JPG */; };
		8EEBD43B1B6DA9F1005F5350 /* IMG_0262.JPG in Resources */ = {isa = PBXBuildFile; fileRef = 8EEBD4161B6DA9F1005F5350 /* IMG_0262.JPG */; };
		8EEBD43C1B6DA9F1005F5350 /* IMG_0263.JPG in Resources */ = {isa = PBXBuildFile; fileRef = 8EEBD4171B6DA9F1005F5350 /* IMG_0263.JPG */; };
		8EEBD43D1B6DA9F1005F5350 /* IMG_0264.JPG in Resources */ = {isa = PBXBuildFile; fileRef = 8EEBD4181B6DA9F1005F5350 /* IMG_0264.JPG */; };
		8EEBD43E1B6DA9F1005F5350 /* IMG_0265.JPG in Resources */ = {isa = PBXBuildFile; fileRef = 8EEBD4191B6DA9F1005F5350 /* IMG_0265.JPG */; };
		8EEBD43F1B6DA9F1005F5350 /* IMG_0266.JPG in Resources */ = {isa = PBXBuildFile; fileRef = 8EEBD41A1B6DA9F1005F5350 /* IMG_0266.JPG */; };
		8EEBD4401B6DA9F1005F5350 /* IMG_0267.JPG in Resources */ = {isa = PBXBuildFile; fileRef = 8EEBD41B1B6DA9F1005F5350 /* IMG_0267.JPG */; };
		8EEBD4421B6DAAAC005F5350 /* nameWithIcon.plist in Resources */ = {isa = PBXBuildFile; fileRef = 8EEBD4411B6DAAAC005F5350 /* nameWithIcon.plist */; };
/* End PBXBuildFile section */

/* Begin PBXFileReference section */
		390295D71BCF2E5F00BFB984 /* arrow_back_32px_1181650_easyicon.net.png */ = {isa = PBXFileReference; lastKnownFileType = image.png; path = arrow_back_32px_1181650_easyicon.net.png; sourceTree = "<group>"; };
		390295DD1BCF2F9800BFB984 /* Menu_24.226579520697px_1183427_easyicon.net.png */ = {isa = PBXFileReference; lastKnownFileType = image.png; path = Menu_24.226579520697px_1183427_easyicon.net.png; sourceTree = "<group>"; };
		3903D9631BEA13A200FE6A19 /* MJRefreshAutoFooter.h */ = {isa = PBXFileReference; fileEncoding = 4; lastKnownFileType = sourcecode.c.h; path = MJRefreshAutoFooter.h; sourceTree = "<group>"; };
		3903D9641BEA13A200FE6A19 /* MJRefreshAutoFooter.m */ = {isa = PBXFileReference; fileEncoding = 4; lastKnownFileType = sourcecode.c.objc; path = MJRefreshAutoFooter.m; sourceTree = "<group>"; };
		3903D9651BEA13A200FE6A19 /* MJRefreshBackFooter.h */ = {isa = PBXFileReference; fileEncoding = 4; lastKnownFileType = sourcecode.c.h; path = MJRefreshBackFooter.h; sourceTree = "<group>"; };
		3903D9661BEA13A200FE6A19 /* MJRefreshBackFooter.m */ = {isa = PBXFileReference; fileEncoding = 4; lastKnownFileType = sourcecode.c.objc; path = MJRefreshBackFooter.m; sourceTree = "<group>"; };
		3903D9671BEA13A200FE6A19 /* MJRefreshComponent.h */ = {isa = PBXFileReference; fileEncoding = 4; lastKnownFileType = sourcecode.c.h; path = MJRefreshComponent.h; sourceTree = "<group>"; };
		3903D9681BEA13A200FE6A19 /* MJRefreshComponent.m */ = {isa = PBXFileReference; fileEncoding = 4; lastKnownFileType = sourcecode.c.objc; path = MJRefreshComponent.m; sourceTree = "<group>"; };
		3903D9691BEA13A200FE6A19 /* MJRefreshFooter.h */ = {isa = PBXFileReference; fileEncoding = 4; lastKnownFileType = sourcecode.c.h; path = MJRefreshFooter.h; sourceTree = "<group>"; };
		3903D96A1BEA13A200FE6A19 /* MJRefreshFooter.m */ = {isa = PBXFileReference; fileEncoding = 4; lastKnownFileType = sourcecode.c.objc; path = MJRefreshFooter.m; sourceTree = "<group>"; };
		3903D96B1BEA13A200FE6A19 /* MJRefreshHeader.h */ = {isa = PBXFileReference; fileEncoding = 4; lastKnownFileType = sourcecode.c.h; path = MJRefreshHeader.h; sourceTree = "<group>"; };
		3903D96C1BEA13A200FE6A19 /* MJRefreshHeader.m */ = {isa = PBXFileReference; fileEncoding = 4; lastKnownFileType = sourcecode.c.objc; path = MJRefreshHeader.m; sourceTree = "<group>"; };
		3903D9701BEA13A200FE6A19 /* MJRefreshAutoGifFooter.h */ = {isa = PBXFileReference; fileEncoding = 4; lastKnownFileType = sourcecode.c.h; path = MJRefreshAutoGifFooter.h; sourceTree = "<group>"; };
		3903D9711BEA13A200FE6A19 /* MJRefreshAutoGifFooter.m */ = {isa = PBXFileReference; fileEncoding = 4; lastKnownFileType = sourcecode.c.objc; path = MJRefreshAutoGifFooter.m; sourceTree = "<group>"; };
		3903D9721BEA13A200FE6A19 /* MJRefreshAutoNormalFooter.h */ = {isa = PBXFileReference; fileEncoding = 4; lastKnownFileType = sourcecode.c.h; path = MJRefreshAutoNormalFooter.h; sourceTree = "<group>"; };
		3903D9731BEA13A200FE6A19 /* MJRefreshAutoNormalFooter.m */ = {isa = PBXFileReference; fileEncoding = 4; lastKnownFileType = sourcecode.c.objc; path = MJRefreshAutoNormalFooter.m; sourceTree = "<group>"; };
		3903D9741BEA13A200FE6A19 /* MJRefreshAutoStateFooter.h */ = {isa = PBXFileReference; fileEncoding = 4; lastKnownFileType = sourcecode.c.h; path = MJRefreshAutoStateFooter.h; sourceTree = "<group>"; };
		3903D9751BEA13A200FE6A19 /* MJRefreshAutoStateFooter.m */ = {isa = PBXFileReference; fileEncoding = 4; lastKnownFileType = sourcecode.c.objc; path = MJRefreshAutoStateFooter.m; sourceTree = "<group>"; };
		3903D9771BEA13A200FE6A19 /* MJRefreshBackGifFooter.h */ = {isa = PBXFileReference; fileEncoding = 4; lastKnownFileType = sourcecode.c.h; path = MJRefreshBackGifFooter.h; sourceTree = "<group>"; };
		3903D9781BEA13A200FE6A19 /* MJRefreshBackGifFooter.m */ = {isa = PBXFileReference; fileEncoding = 4; lastKnownFileType = sourcecode.c.objc; path = MJRefreshBackGifFooter.m; sourceTree = "<group>"; };
		3903D9791BEA13A200FE6A19 /* MJRefreshBackNormalFooter.h */ = {isa = PBXFileReference; fileEncoding = 4; lastKnownFileType = sourcecode.c.h; path = MJRefreshBackNormalFooter.h; sourceTree = "<group>"; };
		3903D97A1BEA13A200FE6A19 /* MJRefreshBackNormalFooter.m */ = {isa = PBXFileReference; fileEncoding = 4; lastKnownFileType = sourcecode.c.objc; path = MJRefreshBackNormalFooter.m; sourceTree = "<group>"; };
		3903D97B1BEA13A200FE6A19 /* MJRefreshBackStateFooter.h */ = {isa = PBXFileReference; fileEncoding = 4; lastKnownFileType = sourcecode.c.h; path = MJRefreshBackStateFooter.h; sourceTree = "<group>"; };
		3903D97C1BEA13A200FE6A19 /* MJRefreshBackStateFooter.m */ = {isa = PBXFileReference; fileEncoding = 4; lastKnownFileType = sourcecode.c.objc; path = MJRefreshBackStateFooter.m; sourceTree = "<group>"; };
		3903D97E1BEA13A200FE6A19 /* MJRefreshGifHeader.h */ = {isa = PBXFileReference; fileEncoding = 4; lastKnownFileType = sourcecode.c.h; path = MJRefreshGifHeader.h; sourceTree = "<group>"; };
		3903D97F1BEA13A200FE6A19 /* MJRefreshGifHeader.m */ = {isa = PBXFileReference; fileEncoding = 4; lastKnownFileType = sourcecode.c.objc; path = MJRefreshGifHeader.m; sourceTree = "<group>"; };
		3903D9801BEA13A200FE6A19 /* MJRefreshNormalHeader.h */ = {isa = PBXFileReference; fileEncoding = 4; lastKnownFileType = sourcecode.c.h; path = MJRefreshNormalHeader.h; sourceTree = "<group>"; };
		3903D9811BEA13A200FE6A19 /* MJRefreshNormalHeader.m */ = {isa = PBXFileReference; fileEncoding = 4; lastKnownFileType = sourcecode.c.objc; path = MJRefreshNormalHeader.m; sourceTree = "<group>"; };
		3903D9821BEA13A200FE6A19 /* MJRefreshStateHeader.h */ = {isa = PBXFileReference; fileEncoding = 4; lastKnownFileType = sourcecode.c.h; path = MJRefreshStateHeader.h; sourceTree = "<group>"; };
		3903D9831BEA13A200FE6A19 /* MJRefreshStateHeader.m */ = {isa = PBXFileReference; fileEncoding = 4; lastKnownFileType = sourcecode.c.objc; path = MJRefreshStateHeader.m; sourceTree = "<group>"; };
		3903D9841BEA13A200FE6A19 /* MJRefresh.bundle */ = {isa = PBXFileReference; lastKnownFileType = "wrapper.plug-in"; path = MJRefresh.bundle; sourceTree = "<group>"; };
		3903D9851BEA13A200FE6A19 /* MJRefresh.h */ = {isa = PBXFileReference; fileEncoding = 4; lastKnownFileType = sourcecode.c.h; path = MJRefresh.h; sourceTree = "<group>"; };
		3903D9861BEA13A200FE6A19 /* MJRefreshConst.h */ = {isa = PBXFileReference; fileEncoding = 4; lastKnownFileType = sourcecode.c.h; path = MJRefreshConst.h; sourceTree = "<group>"; };
		3903D9871BEA13A200FE6A19 /* MJRefreshConst.m */ = {isa = PBXFileReference; fileEncoding = 4; lastKnownFileType = sourcecode.c.objc; path = MJRefreshConst.m; sourceTree = "<group>"; };
		3903D9881BEA13A200FE6A19 /* UIScrollView+MJExtension.h */ = {isa = PBXFileReference; fileEncoding = 4; lastKnownFileType = sourcecode.c.h; path = "UIScrollView+MJExtension.h"; sourceTree = "<group>"; };
		3903D9891BEA13A200FE6A19 /* UIScrollView+MJExtension.m */ = {isa = PBXFileReference; fileEncoding = 4; lastKnownFileType = sourcecode.c.objc; path = "UIScrollView+MJExtension.m"; sourceTree = "<group>"; };
		3903D98A1BEA13A200FE6A19 /* UIScrollView+MJRefresh.h */ = {isa = PBXFileReference; fileEncoding = 4; lastKnownFileType = sourcecode.c.h; path = "UIScrollView+MJRefresh.h"; sourceTree = "<group>"; };
		3903D98B1BEA13A200FE6A19 /* UIScrollView+MJRefresh.m */ = {isa = PBXFileReference; fileEncoding = 4; lastKnownFileType = sourcecode.c.objc; path = "UIScrollView+MJRefresh.m"; sourceTree = "<group>"; };
		3903D98C1BEA13A200FE6A19 /* UIView+MJExtension.h */ = {isa = PBXFileReference; fileEncoding = 4; lastKnownFileType = sourcecode.c.h; path = "UIView+MJExtension.h"; sourceTree = "<group>"; };
		3903D98D1BEA13A200FE6A19 /* UIView+MJExtension.m */ = {isa = PBXFileReference; fileEncoding = 4; lastKnownFileType = sourcecode.c.objc; path = "UIView+MJExtension.m"; sourceTree = "<group>"; };
		3915F4C41BDBCDAD006EEB2D /* BlogViewer-Logo.png */ = {isa = PBXFileReference; lastKnownFileType = image.png; path = "BlogViewer-Logo.png"; sourceTree = "<group>"; };
		3922DAC51B6F0A0E00926C01 /* Reachability.h */ = {isa = PBXFileReference; fileEncoding = 4; lastKnownFileType = sourcecode.c.h; path = Reachability.h; sourceTree = "<group>"; };
		3922DAC61B6F0A0E00926C01 /* Reachability.m */ = {isa = PBXFileReference; fileEncoding = 4; lastKnownFileType = sourcecode.c.objc; path = Reachability.m; sourceTree = "<group>"; };
		3922DACA1B6F2C7700926C01 /* Images.xcassets */ = {isa = PBXFileReference; lastKnownFileType = folder.assetcatalog; path = Images.xcassets; sourceTree = "<group>"; };
		393422171BF635D1002FD612 /* IMG_1611.JPG */ = {isa = PBXFileReference; lastKnownFileType = image.jpeg; path = IMG_1611.JPG; sourceTree = "<group>"; };
		393422181BF635D1002FD612 /* IMG_1612.JPG */ = {isa = PBXFileReference; lastKnownFileType = image.jpeg; path = IMG_1612.JPG; sourceTree = "<group>"; };
		393422191BF635D1002FD612 /* IMG_1613.JPG */ = {isa = PBXFileReference; lastKnownFileType = image.jpeg; path = IMG_1613.JPG; sourceTree = "<group>"; };
		3934221A1BF635D1002FD612 /* IMG_1614.JPG */ = {isa = PBXFileReference; lastKnownFileType = image.jpeg; path = IMG_1614.JPG; sourceTree = "<group>"; };
		3934221B1BF635D1002FD612 /* IMG_1615.JPG */ = {isa = PBXFileReference; lastKnownFileType = image.jpeg; path = IMG_1615.JPG; sourceTree = "<group>"; };
		3934221C1BF635D1002FD612 /* IMG_1616.JPG */ = {isa = PBXFileReference; lastKnownFileType = image.jpeg; path = IMG_1616.JPG; sourceTree = "<group>"; };
		3934221D1BF635D1002FD612 /* IMG_1617.JPG */ = {isa = PBXFileReference; lastKnownFileType = image.jpeg; path = IMG_1617.JPG; sourceTree = "<group>"; };
		3934221E1BF635D1002FD612 /* IMG_1618.JPG */ = {isa = PBXFileReference; lastKnownFileType = image.jpeg; path = IMG_1618.JPG; sourceTree = "<group>"; };
		3934221F1BF635D1002FD612 /* IMG_1619.JPG */ = {isa = PBXFileReference; lastKnownFileType = image.jpeg; path = IMG_1619.JPG; sourceTree = "<group>"; };
		393422201BF635D1002FD612 /* IMG_1620.JPG */ = {isa = PBXFileReference; lastKnownFileType = image.jpeg; path = IMG_1620.JPG; sourceTree = "<group>"; };
		393422211BF635D1002FD612 /* IMG_1621.JPG */ = {isa = PBXFileReference; lastKnownFileType = image.jpeg; path = IMG_1621.JPG; sourceTree = "<group>"; };
		393422221BF635D1002FD612 /* IMG_1622.JPG */ = {isa = PBXFileReference; lastKnownFileType = image.jpeg; path = IMG_1622.JPG; sourceTree = "<group>"; };
		393422231BF635D1002FD612 /* IMG_1623.JPG */ = {isa = PBXFileReference; lastKnownFileType = image.jpeg; path = IMG_1623.JPG; sourceTree = "<group>"; };
		393422241BF635D1002FD612 /* IMG_1624.JPG */ = {isa = PBXFileReference; lastKnownFileType = image.jpeg; path = IMG_1624.JPG; sourceTree = "<group>"; };
		393422251BF635D1002FD612 /* IMG_1625.JPG */ = {isa = PBXFileReference; lastKnownFileType = image.jpeg; path = IMG_1625.JPG; sourceTree = "<group>"; };
		393422261BF635D1002FD612 /* IMG_1626.JPG */ = {isa = PBXFileReference; lastKnownFileType = image.jpeg; path = IMG_1626.JPG; sourceTree = "<group>"; };
		393422271BF635D1002FD612 /* IMG_1627.JPG */ = {isa = PBXFileReference; lastKnownFileType = image.jpeg; path = IMG_1627.JPG; sourceTree = "<group>"; };
		393422281BF635D1002FD612 /* IMG_1628.JPG */ = {isa = PBXFileReference; lastKnownFileType = image.jpeg; path = IMG_1628.JPG; sourceTree = "<group>"; };
		393422291BF635D1002FD612 /* IMG_1629.JPG */ = {isa = PBXFileReference; lastKnownFileType = image.jpeg; path = IMG_1629.JPG; sourceTree = "<group>"; };
		3934222A1BF635D1002FD612 /* IMG_1630.JPG */ = {isa = PBXFileReference; lastKnownFileType = image.jpeg; path = IMG_1630.JPG; sourceTree = "<group>"; };
		3934222B1BF635D1002FD612 /* IMG_1631.JPG */ = {isa = PBXFileReference; lastKnownFileType = image.jpeg; path = IMG_1631.JPG; sourceTree = "<group>"; };
		3934222C1BF635D1002FD612 /* IMG_1632.JPG */ = {isa = PBXFileReference; lastKnownFileType = image.jpeg; path = IMG_1632.JPG; sourceTree = "<group>"; };
		3934222D1BF635D1002FD612 /* IMG_1633.JPG */ = {isa = PBXFileReference; lastKnownFileType = image.jpeg; path = IMG_1633.JPG; sourceTree = "<group>"; };
		3934222E1BF635D1002FD612 /* IMG_1634.JPG */ = {isa = PBXFileReference; lastKnownFileType = image.jpeg; path = IMG_1634.JPG; sourceTree = "<group>"; };
		3934222F1BF635D1002FD612 /* IMG_1635.JPG */ = {isa = PBXFileReference; lastKnownFileType = image.jpeg; path = IMG_1635.JPG; sourceTree = "<group>"; };
		393422301BF635D1002FD612 /* IMG_1636.JPG */ = {isa = PBXFileReference; lastKnownFileType = image.jpeg; path = IMG_1636.JPG; sourceTree = "<group>"; };
		393422311BF635D1002FD612 /* IMG_1637.JPG */ = {isa = PBXFileReference; lastKnownFileType = image.jpeg; path = IMG_1637.JPG; sourceTree = "<group>"; };
		393422321BF635D1002FD612 /* IMG_1638.JPG */ = {isa = PBXFileReference; lastKnownFileType = image.jpeg; path = IMG_1638.JPG; sourceTree = "<group>"; };
		393422331BF635D1002FD612 /* IMG_1639.JPG */ = {isa = PBXFileReference; lastKnownFileType = image.jpeg; path = IMG_1639.JPG; sourceTree = "<group>"; };
		393422341BF635D1002FD612 /* IMG_1640.JPG */ = {isa = PBXFileReference; lastKnownFileType = image.jpeg; path = IMG_1640.JPG; sourceTree = "<group>"; };
		393422351BF635D1002FD612 /* IMG_1641.JPG */ = {isa = PBXFileReference; lastKnownFileType = image.jpeg; path = IMG_1641.JPG; sourceTree = "<group>"; };
		393422361BF635D1002FD612 /* IMG_1642.JPG */ = {isa = PBXFileReference; lastKnownFileType = image.jpeg; path = IMG_1642.JPG; sourceTree = "<group>"; };
		393422371BF635D1002FD612 /* IMG_1643.JPG */ = {isa = PBXFileReference; lastKnownFileType = image.jpeg; path = IMG_1643.JPG; sourceTree = "<group>"; };
		393422381BF635D1002FD612 /* IMG_1644.JPG */ = {isa = PBXFileReference; lastKnownFileType = image.jpeg; path = IMG_1644.JPG; sourceTree = "<group>"; };
		393422391BF635D1002FD612 /* IMG_1645.JPG */ = {isa = PBXFileReference; lastKnownFileType = image.jpeg; path = IMG_1645.JPG; sourceTree = "<group>"; };
		3934223A1BF635D1002FD612 /* IMG_1646.JPG */ = {isa = PBXFileReference; lastKnownFileType = image.jpeg; path = IMG_1646.JPG; sourceTree = "<group>"; };
		3934223B1BF635D1002FD612 /* IMG_1647.JPG */ = {isa = PBXFileReference; lastKnownFileType = image.jpeg; path = IMG_1647.JPG; sourceTree = "<group>"; };
		39576B471C51DDB6001D1152 /* GDataXMLNode.h */ = {isa = PBXFileReference; fileEncoding = 4; lastKnownFileType = sourcecode.c.h; path = GDataXMLNode.h; sourceTree = "<group>"; };
		39576B481C51DDB6001D1152 /* GDataXMLNode.m */ = {isa = PBXFileReference; fileEncoding = 4; lastKnownFileType = sourcecode.c.objc; path = GDataXMLNode.m; sourceTree = "<group>"; };
		395B17CC1C0BE9E4008A5D55 /* MemberNameViewController.h */ = {isa = PBXFileReference; fileEncoding = 4; lastKnownFileType = sourcecode.c.h; path = MemberNameViewController.h; sourceTree = "<group>"; };
		395B17CD1C0BE9E4008A5D55 /* MemberNameViewController.m */ = {isa = PBXFileReference; fileEncoding = 4; lastKnownFileType = sourcecode.c.objc; path = MemberNameViewController.m; sourceTree = "<group>"; };
		3961E02C1C54BB9D00C503F1 /* AFHTTPSessionManager.h */ = {isa = PBXFileReference; fileEncoding = 4; lastKnownFileType = sourcecode.c.h; path = AFHTTPSessionManager.h; sourceTree = "<group>"; };
		3961E02D1C54BB9D00C503F1 /* AFHTTPSessionManager.m */ = {isa = PBXFileReference; fileEncoding = 4; lastKnownFileType = sourcecode.c.objc; path = AFHTTPSessionManager.m; sourceTree = "<group>"; };
		3961E02E1C54BB9D00C503F1 /* AFNetworking.h */ = {isa = PBXFileReference; fileEncoding = 4; lastKnownFileType = sourcecode.c.h; path = AFNetworking.h; sourceTree = "<group>"; };
		3961E02F1C54BB9D00C503F1 /* AFNetworkReachabilityManager.h */ = {isa = PBXFileReference; fileEncoding = 4; lastKnownFileType = sourcecode.c.h; path = AFNetworkReachabilityManager.h; sourceTree = "<group>"; };
		3961E0301C54BB9D00C503F1 /* AFNetworkReachabilityManager.m */ = {isa = PBXFileReference; fileEncoding = 4; lastKnownFileType = sourcecode.c.objc; path = AFNetworkReachabilityManager.m; sourceTree = "<group>"; };
		3961E0311C54BB9D00C503F1 /* AFSecurityPolicy.h */ = {isa = PBXFileReference; fileEncoding = 4; lastKnownFileType = sourcecode.c.h; path = AFSecurityPolicy.h; sourceTree = "<group>"; };
		3961E0321C54BB9D00C503F1 /* AFSecurityPolicy.m */ = {isa = PBXFileReference; fileEncoding = 4; lastKnownFileType = sourcecode.c.objc; path = AFSecurityPolicy.m; sourceTree = "<group>"; };
		3961E0331C54BB9D00C503F1 /* AFURLRequestSerialization.h */ = {isa = PBXFileReference; fileEncoding = 4; lastKnownFileType = sourcecode.c.h; path = AFURLRequestSerialization.h; sourceTree = "<group>"; };
		3961E0341C54BB9D00C503F1 /* AFURLRequestSerialization.m */ = {isa = PBXFileReference; fileEncoding = 4; lastKnownFileType = sourcecode.c.objc; path = AFURLRequestSerialization.m; sourceTree = "<group>"; };
		3961E0351C54BB9D00C503F1 /* AFURLResponseSerialization.h */ = {isa = PBXFileReference; fileEncoding = 4; lastKnownFileType = sourcecode.c.h; path = AFURLResponseSerialization.h; sourceTree = "<group>"; };
		3961E0361C54BB9D00C503F1 /* AFURLResponseSerialization.m */ = {isa = PBXFileReference; fileEncoding = 4; lastKnownFileType = sourcecode.c.objc; path = AFURLResponseSerialization.m; sourceTree = "<group>"; };
		3961E0371C54BB9D00C503F1 /* AFURLSessionManager.h */ = {isa = PBXFileReference; fileEncoding = 4; lastKnownFileType = sourcecode.c.h; path = AFURLSessionManager.h; sourceTree = "<group>"; };
		3961E0381C54BB9D00C503F1 /* AFURLSessionManager.m */ = {isa = PBXFileReference; fileEncoding = 4; lastKnownFileType = sourcecode.c.objc; path = AFURLSessionManager.m; sourceTree = "<group>"; };
		397AF28F1BA25CC500C93CEE /* BlogXMLParser.h */ = {isa = PBXFileReference; fileEncoding = 4; lastKnownFileType = sourcecode.c.h; path = BlogXMLParser.h; sourceTree = "<group>"; };
		397AF2901BA25CC500C93CEE /* BlogXMLParser.m */ = {isa = PBXFileReference; fileEncoding = 4; lastKnownFileType = sourcecode.c.objc; path = BlogXMLParser.m; sourceTree = "<group>"; };
		3994CC9D1BD0EA1300074D43 /* MBProgressHUD.h */ = {isa = PBXFileReference; fileEncoding = 4; lastKnownFileType = sourcecode.c.h; path = MBProgressHUD.h; sourceTree = "<group>"; };
		3994CC9E1BD0EA1300074D43 /* MBProgressHUD.m */ = {isa = PBXFileReference; fileEncoding = 4; lastKnownFileType = sourcecode.c.objc; path = MBProgressHUD.m; sourceTree = "<group>"; };
		39C7277F1BB42F3600DF7473 /* Launch Screen.storyboard */ = {isa = PBXFileReference; fileEncoding = 4; lastKnownFileType = file.storyboard; path = "Launch Screen.storyboard"; sourceTree = "<group>"; };
		39C727861BB4F77F00DF7473 /* Nogizaka46.PNG */ = {isa = PBXFileReference; lastKnownFileType = image.png; path = Nogizaka46.PNG; sourceTree = "<group>"; };
		39D553B71B70F3FC00C0E061 /* IMG_Staff.JPG */ = {isa = PBXFileReference; lastKnownFileType = image.jpeg; path = IMG_Staff.JPG; sourceTree = "<group>"; };
		39D6BC501C2A9357009B5110 /* MemberBlogTableViewController.h */ = {isa = PBXFileReference; fileEncoding = 4; lastKnownFileType = sourcecode.c.h; path = MemberBlogTableViewController.h; sourceTree = "<group>"; };
		39D6BC511C2A9357009B5110 /* MemberBlogTableViewController.m */ = {isa = PBXFileReference; fileEncoding = 4; lastKnownFileType = sourcecode.c.objc; path = MemberBlogTableViewController.m; sourceTree = "<group>"; };
		39D6BC551C2AE417009B5110 /* MemberNameTableViewCell.h */ = {isa = PBXFileReference; fileEncoding = 4; lastKnownFileType = sourcecode.c.h; path = MemberNameTableViewCell.h; sourceTree = "<group>"; };
		39D6BC561C2AE417009B5110 /* MemberNameTableViewCell.m */ = {isa = PBXFileReference; fileEncoding = 4; lastKnownFileType = sourcecode.c.objc; path = MemberNameTableViewCell.m; sourceTree = "<group>"; };
		39D6BC751C2BEEB1009B5110 /* BlogModel.h */ = {isa = PBXFileReference; fileEncoding = 4; lastKnownFileType = sourcecode.c.h; path = BlogModel.h; sourceTree = "<group>"; };
		39D6BC761C2BEEB1009B5110 /* BlogModel.m */ = {isa = PBXFileReference; fileEncoding = 4; lastKnownFileType = sourcecode.c.objc; path = BlogModel.m; sourceTree = "<group>"; };
		39D7FC651C0A8B69008F2E17 /* IISideController.h */ = {isa = PBXFileReference; fileEncoding = 4; lastKnownFileType = sourcecode.c.h; path = IISideController.h; sourceTree = "<group>"; };
		39D7FC661C0A8B69008F2E17 /* IISideController.m */ = {isa = PBXFileReference; fileEncoding = 4; lastKnownFileType = sourcecode.c.objc; path = IISideController.m; sourceTree = "<group>"; };
		39D7FC671C0A8B69008F2E17 /* IIViewDeckController.h */ = {isa = PBXFileReference; fileEncoding = 4; lastKnownFileType = sourcecode.c.h; path = IIViewDeckController.h; sourceTree = "<group>"; };
		39D7FC681C0A8B69008F2E17 /* IIViewDeckController.m */ = {isa = PBXFileReference; fileEncoding = 4; lastKnownFileType = sourcecode.c.objc; path = IIViewDeckController.m; sourceTree = "<group>"; };
		39D7FC691C0A8B69008F2E17 /* IIWrapController.h */ = {isa = PBXFileReference; fileEncoding = 4; lastKnownFileType = sourcecode.c.h; path = IIWrapController.h; sourceTree = "<group>"; };
		39D7FC6A1C0A8B69008F2E17 /* IIWrapController.m */ = {isa = PBXFileReference; fileEncoding = 4; lastKnownFileType = sourcecode.c.objc; path = IIWrapController.m; sourceTree = "<group>"; };
		39D7FC6B1C0A8B69008F2E17 /* ViewDeck.h */ = {isa = PBXFileReference; fileEncoding = 4; lastKnownFileType = sourcecode.c.h; path = ViewDeck.h; sourceTree = "<group>"; };
		39D7FC811C0AA501008F2E17 /* LeftViewController.h */ = {isa = PBXFileReference; fileEncoding = 4; lastKnownFileType = sourcecode.c.h; path = LeftViewController.h; sourceTree = "<group>"; };
		39D7FC821C0AA501008F2E17 /* LeftViewController.m */ = {isa = PBXFileReference; fileEncoding = 4; lastKnownFileType = sourcecode.c.objc; path = LeftViewController.m; sourceTree = "<group>"; };
		8EEBD3C21B6C670F005F5350 /* BlogViewer.app */ = {isa = PBXFileReference; explicitFileType = wrapper.application; includeInIndex = 0; path = BlogViewer.app; sourceTree = BUILT_PRODUCTS_DIR; };
		8EEBD3C61B6C670F005F5350 /* Info.plist */ = {isa = PBXFileReference; lastKnownFileType = text.plist.xml; path = Info.plist; sourceTree = "<group>"; };
		8EEBD3C71B6C670F005F5350 /* main.m */ = {isa = PBXFileReference; lastKnownFileType = sourcecode.c.objc; path = main.m; sourceTree = "<group>"; };
		8EEBD3C91B6C670F005F5350 /* AppDelegate.h */ = {isa = PBXFileReference; lastKnownFileType = sourcecode.c.h; path = AppDelegate.h; sourceTree = "<group>"; };
		8EEBD3CA1B6C670F005F5350 /* AppDelegate.m */ = {isa = PBXFileReference; lastKnownFileType = sourcecode.c.objc; path = AppDelegate.m; sourceTree = "<group>"; };
		8EEBD3CC1B6C670F005F5350 /* ViewController.h */ = {isa = PBXFileReference; lastKnownFileType = sourcecode.c.h; path = ViewController.h; sourceTree = "<group>"; };
		8EEBD3CD1B6C670F005F5350 /* ViewController.m */ = {isa = PBXFileReference; lastKnownFileType = sourcecode.c.objc; path = ViewController.m; sourceTree = "<group>"; };
		8EEBD3D01B6C670F005F5350 /* Base */ = {isa = PBXFileReference; lastKnownFileType = file.storyboard; name = Base; path = Base.lproj/Main.storyboard; sourceTree = "<group>"; };
		8EEBD3EB1B6C79CD005F5350 /* BlogTitleTableViewCell.h */ = {isa = PBXFileReference; fileEncoding = 4; lastKnownFileType = sourcecode.c.h; path = BlogTitleTableViewCell.h; sourceTree = "<group>"; };
		8EEBD3EC1B6C79CD005F5350 /* BlogTitleTableViewCell.m */ = {isa = PBXFileReference; fileEncoding = 4; lastKnownFileType = sourcecode.c.objc; path = BlogTitleTableViewCell.m; sourceTree = "<group>"; };
		8EEBD3F11B6C92DE005F5350 /* DetailViewController.h */ = {isa = PBXFileReference; fileEncoding = 4; lastKnownFileType = sourcecode.c.h; path = DetailViewController.h; sourceTree = "<group>"; };
		8EEBD3F21B6C92DE005F5350 /* DetailViewController.m */ = {isa = PBXFileReference; fileEncoding = 4; lastKnownFileType = sourcecode.c.objc; path = DetailViewController.m; sourceTree = "<group>"; };
		8EEBD3F71B6DA9F1005F5350 /* IMG_0231.JPG */ = {isa = PBXFileReference; lastKnownFileType = image.jpeg; path = IMG_0231.JPG; sourceTree = "<group>"; };
		8EEBD3F81B6DA9F1005F5350 /* IMG_0232.JPG */ = {isa = PBXFileReference; lastKnownFileType = image.jpeg; path = IMG_0232.JPG; sourceTree = "<group>"; };
		8EEBD3F91B6DA9F1005F5350 /* IMG_0233.JPG */ = {isa = PBXFileReference; lastKnownFileType = image.jpeg; path = IMG_0233.JPG; sourceTree = "<group>"; };
		8EEBD3FA1B6DA9F1005F5350 /* IMG_0234.JPG */ = {isa = PBXFileReference; lastKnownFileType = image.jpeg; path = IMG_0234.JPG; sourceTree = "<group>"; };
		8EEBD3FB1B6DA9F1005F5350 /* IMG_0235.JPG */ = {isa = PBXFileReference; lastKnownFileType = image.jpeg; path = IMG_0235.JPG; sourceTree = "<group>"; };
		8EEBD3FC1B6DA9F1005F5350 /* IMG_0236.JPG */ = {isa = PBXFileReference; lastKnownFileType = image.jpeg; path = IMG_0236.JPG; sourceTree = "<group>"; };
		8EEBD3FD1B6DA9F1005F5350 /* IMG_0237.JPG */ = {isa = PBXFileReference; lastKnownFileType = image.jpeg; path = IMG_0237.JPG; sourceTree = "<group>"; };
		8EEBD3FE1B6DA9F1005F5350 /* IMG_0238.JPG */ = {isa = PBXFileReference; lastKnownFileType = image.jpeg; path = IMG_0238.JPG; sourceTree = "<group>"; };
		8EEBD3FF1B6DA9F1005F5350 /* IMG_0239.JPG */ = {isa = PBXFileReference; lastKnownFileType = image.jpeg; path = IMG_0239.JPG; sourceTree = "<group>"; };
		8EEBD4001B6DA9F1005F5350 /* IMG_0240.JPG */ = {isa = PBXFileReference; lastKnownFileType = image.jpeg; path = IMG_0240.JPG; sourceTree = "<group>"; };
		8EEBD4011B6DA9F1005F5350 /* IMG_0241.JPG */ = {isa = PBXFileReference; lastKnownFileType = image.jpeg; path = IMG_0241.JPG; sourceTree = "<group>"; };
		8EEBD4021B6DA9F1005F5350 /* IMG_0242.JPG */ = {isa = PBXFileReference; lastKnownFileType = image.jpeg; path = IMG_0242.JPG; sourceTree = "<group>"; };
		8EEBD4031B6DA9F1005F5350 /* IMG_0243.JPG */ = {isa = PBXFileReference; lastKnownFileType = image.jpeg; path = IMG_0243.JPG; sourceTree = "<group>"; };
		8EEBD4041B6DA9F1005F5350 /* IMG_0244.JPG */ = {isa = PBXFileReference; lastKnownFileType = image.jpeg; path = IMG_0244.JPG; sourceTree = "<group>"; };
		8EEBD4051B6DA9F1005F5350 /* IMG_0245.JPG */ = {isa = PBXFileReference; lastKnownFileType = image.jpeg; path = IMG_0245.JPG; sourceTree = "<group>"; };
		8EEBD4061B6DA9F1005F5350 /* IMG_0246.JPG */ = {isa = PBXFileReference; lastKnownFileType = image.jpeg; path = IMG_0246.JPG; sourceTree = "<group>"; };
		8EEBD4071B6DA9F1005F5350 /* IMG_0247.JPG */ = {isa = PBXFileReference; lastKnownFileType = image.jpeg; path = IMG_0247.JPG; sourceTree = "<group>"; };
		8EEBD4081B6DA9F1005F5350 /* IMG_0248.JPG */ = {isa = PBXFileReference; lastKnownFileType = image.jpeg; path = IMG_0248.JPG; sourceTree = "<group>"; };
		8EEBD4091B6DA9F1005F5350 /* IMG_0249.JPG */ = {isa = PBXFileReference; lastKnownFileType = image.jpeg; path = IMG_0249.JPG; sourceTree = "<group>"; };
		8EEBD40A1B6DA9F1005F5350 /* IMG_0250.JPG */ = {isa = PBXFileReference; lastKnownFileType = image.jpeg; path = IMG_0250.JPG; sourceTree = "<group>"; };
		8EEBD40B1B6DA9F1005F5350 /* IMG_0251.JPG */ = {isa = PBXFileReference; lastKnownFileType = image.jpeg; path = IMG_0251.JPG; sourceTree = "<group>"; };
		8EEBD40C1B6DA9F1005F5350 /* IMG_0252.JPG */ = {isa = PBXFileReference; lastKnownFileType = image.jpeg; path = IMG_0252.JPG; sourceTree = "<group>"; };
		8EEBD40D1B6DA9F1005F5350 /* IMG_0253.JPG */ = {isa = PBXFileReference; lastKnownFileType = image.jpeg; path = IMG_0253.JPG; sourceTree = "<group>"; };
		8EEBD40E1B6DA9F1005F5350 /* IMG_0254.JPG */ = {isa = PBXFileReference; lastKnownFileType = image.jpeg; path = IMG_0254.JPG; sourceTree = "<group>"; };
		8EEBD40F1B6DA9F1005F5350 /* IMG_0255.JPG */ = {isa = PBXFileReference; lastKnownFileType = image.jpeg; path = IMG_0255.JPG; sourceTree = "<group>"; };
		8EEBD4101B6DA9F1005F5350 /* IMG_0256.JPG */ = {isa = PBXFileReference; lastKnownFileType = image.jpeg; path = IMG_0256.JPG; sourceTree = "<group>"; };
		8EEBD4111B6DA9F1005F5350 /* IMG_0257.JPG */ = {isa = PBXFileReference; lastKnownFileType = image.jpeg; path = IMG_0257.JPG; sourceTree = "<group>"; };
		8EEBD4121B6DA9F1005F5350 /* IMG_0258.JPG */ = {isa = PBXFileReference; lastKnownFileType = image.jpeg; path = IMG_0258.JPG; sourceTree = "<group>"; };
		8EEBD4131B6DA9F1005F5350 /* IMG_0259.JPG */ = {isa = PBXFileReference; lastKnownFileType = image.jpeg; path = IMG_0259.JPG; sourceTree = "<group>"; };
		8EEBD4141B6DA9F1005F5350 /* IMG_0260.JPG */ = {isa = PBXFileReference; lastKnownFileType = image.jpeg; path = IMG_0260.JPG; sourceTree = "<group>"; };
		8EEBD4151B6DA9F1005F5350 /* IMG_0261.JPG */ = {isa = PBXFileReference; lastKnownFileType = image.jpeg; path = IMG_0261.JPG; sourceTree = "<group>"; };
		8EEBD4161B6DA9F1005F5350 /* IMG_0262.JPG */ = {isa = PBXFileReference; lastKnownFileType = image.jpeg; path = IMG_0262.JPG; sourceTree = "<group>"; };
		8EEBD4171B6DA9F1005F5350 /* IMG_0263.JPG */ = {isa = PBXFileReference; lastKnownFileType = image.jpeg; path = IMG_0263.JPG; sourceTree = "<group>"; };
		8EEBD4181B6DA9F1005F5350 /* IMG_0264.JPG */ = {isa = PBXFileReference; lastKnownFileType = image.jpeg; path = IMG_0264.JPG; sourceTree = "<group>"; };
		8EEBD4191B6DA9F1005F5350 /* IMG_0265.JPG */ = {isa = PBXFileReference; lastKnownFileType = image.jpeg; path = IMG_0265.JPG; sourceTree = "<group>"; };
		8EEBD41A1B6DA9F1005F5350 /* IMG_0266.JPG */ = {isa = PBXFileReference; lastKnownFileType = image.jpeg; path = IMG_0266.JPG; sourceTree = "<group>"; };
		8EEBD41B1B6DA9F1005F5350 /* IMG_0267.JPG */ = {isa = PBXFileReference; lastKnownFileType = image.jpeg; path = IMG_0267.JPG; sourceTree = "<group>"; };
		8EEBD4411B6DAAAC005F5350 /* nameWithIcon.plist */ = {isa = PBXFileReference; fileEncoding = 4; lastKnownFileType = text.plist.xml; path = nameWithIcon.plist; sourceTree = "<group>"; };
/* End PBXFileReference section */

/* Begin PBXFrameworksBuildPhase section */
		8EEBD3BF1B6C670F005F5350 /* Frameworks */ = {
			isa = PBXFrameworksBuildPhase;
			buildActionMask = 2147483647;
			files = (
			);
			runOnlyForDeploymentPostprocessing = 0;
		};
/* End PBXFrameworksBuildPhase section */

/* Begin PBXGroup section */
		3903D9611BEA13A200FE6A19 /* MJRefresh */ = {
			isa = PBXGroup;
			children = (
				3903D9621BEA13A200FE6A19 /* Base */,
				3903D96D1BEA13A200FE6A19 /* Custom */,
				3903D9841BEA13A200FE6A19 /* MJRefresh.bundle */,
				3903D9851BEA13A200FE6A19 /* MJRefresh.h */,
				3903D9861BEA13A200FE6A19 /* MJRefreshConst.h */,
				3903D9871BEA13A200FE6A19 /* MJRefreshConst.m */,
				3903D9881BEA13A200FE6A19 /* UIScrollView+MJExtension.h */,
				3903D9891BEA13A200FE6A19 /* UIScrollView+MJExtension.m */,
				3903D98A1BEA13A200FE6A19 /* UIScrollView+MJRefresh.h */,
				3903D98B1BEA13A200FE6A19 /* UIScrollView+MJRefresh.m */,
				3903D98C1BEA13A200FE6A19 /* UIView+MJExtension.h */,
				3903D98D1BEA13A200FE6A19 /* UIView+MJExtension.m */,
			);
			path = MJRefresh;
			sourceTree = "<group>";
		};
		3903D9621BEA13A200FE6A19 /* Base */ = {
			isa = PBXGroup;
			children = (
				3903D9631BEA13A200FE6A19 /* MJRefreshAutoFooter.h */,
				3903D9641BEA13A200FE6A19 /* MJRefreshAutoFooter.m */,
				3903D9651BEA13A200FE6A19 /* MJRefreshBackFooter.h */,
				3903D9661BEA13A200FE6A19 /* MJRefreshBackFooter.m */,
				3903D9671BEA13A200FE6A19 /* MJRefreshComponent.h */,
				3903D9681BEA13A200FE6A19 /* MJRefreshComponent.m */,
				3903D9691BEA13A200FE6A19 /* MJRefreshFooter.h */,
				3903D96A1BEA13A200FE6A19 /* MJRefreshFooter.m */,
				3903D96B1BEA13A200FE6A19 /* MJRefreshHeader.h */,
				3903D96C1BEA13A200FE6A19 /* MJRefreshHeader.m */,
			);
			path = Base;
			sourceTree = "<group>";
		};
		3903D96D1BEA13A200FE6A19 /* Custom */ = {
			isa = PBXGroup;
			children = (
				3903D96E1BEA13A200FE6A19 /* Footer */,
				3903D97D1BEA13A200FE6A19 /* Header */,
			);
			path = Custom;
			sourceTree = "<group>";
		};
		3903D96E1BEA13A200FE6A19 /* Footer */ = {
			isa = PBXGroup;
			children = (
				3903D96F1BEA13A200FE6A19 /* Auto */,
				3903D9761BEA13A200FE6A19 /* Back */,
			);
			path = Footer;
			sourceTree = "<group>";
		};
		3903D96F1BEA13A200FE6A19 /* Auto */ = {
			isa = PBXGroup;
			children = (
				3903D9701BEA13A200FE6A19 /* MJRefreshAutoGifFooter.h */,
				3903D9711BEA13A200FE6A19 /* MJRefreshAutoGifFooter.m */,
				3903D9721BEA13A200FE6A19 /* MJRefreshAutoNormalFooter.h */,
				3903D9731BEA13A200FE6A19 /* MJRefreshAutoNormalFooter.m */,
				3903D9741BEA13A200FE6A19 /* MJRefreshAutoStateFooter.h */,
				3903D9751BEA13A200FE6A19 /* MJRefreshAutoStateFooter.m */,
			);
			path = Auto;
			sourceTree = "<group>";
		};
		3903D9761BEA13A200FE6A19 /* Back */ = {
			isa = PBXGroup;
			children = (
				3903D9771BEA13A200FE6A19 /* MJRefreshBackGifFooter.h */,
				3903D9781BEA13A200FE6A19 /* MJRefreshBackGifFooter.m */,
				3903D9791BEA13A200FE6A19 /* MJRefreshBackNormalFooter.h */,
				3903D97A1BEA13A200FE6A19 /* MJRefreshBackNormalFooter.m */,
				3903D97B1BEA13A200FE6A19 /* MJRefreshBackStateFooter.h */,
				3903D97C1BEA13A200FE6A19 /* MJRefreshBackStateFooter.m */,
			);
			path = Back;
			sourceTree = "<group>";
		};
		3903D97D1BEA13A200FE6A19 /* Header */ = {
			isa = PBXGroup;
			children = (
				3903D97E1BEA13A200FE6A19 /* MJRefreshGifHeader.h */,
				3903D97F1BEA13A200FE6A19 /* MJRefreshGifHeader.m */,
				3903D9801BEA13A200FE6A19 /* MJRefreshNormalHeader.h */,
				3903D9811BEA13A200FE6A19 /* MJRefreshNormalHeader.m */,
				3903D9821BEA13A200FE6A19 /* MJRefreshStateHeader.h */,
				3903D9831BEA13A200FE6A19 /* MJRefreshStateHeader.m */,
			);
			path = Header;
			sourceTree = "<group>";
		};
		39114CE11C3CC576008178B9 /* Model */ = {
			isa = PBXGroup;
			children = (
				39D6BC751C2BEEB1009B5110 /* BlogModel.h */,
				39D6BC761C2BEEB1009B5110 /* BlogModel.m */,
			);
			name = Model;
			sourceTree = "<group>";
		};
		39114CE21C3CC58E008178B9 /* Controller */ = {
			isa = PBXGroup;
			children = (
				39D7FC811C0AA501008F2E17 /* LeftViewController.h */,
				39D7FC821C0AA501008F2E17 /* LeftViewController.m */,
				8EEBD3CC1B6C670F005F5350 /* ViewController.h */,
				8EEBD3CD1B6C670F005F5350 /* ViewController.m */,
				8EEBD3F11B6C92DE005F5350 /* DetailViewController.h */,
				8EEBD3F21B6C92DE005F5350 /* DetailViewController.m */,
				395B17CC1C0BE9E4008A5D55 /* MemberNameViewController.h */,
				395B17CD1C0BE9E4008A5D55 /* MemberNameViewController.m */,
				39D6BC501C2A9357009B5110 /* MemberBlogTableViewController.h */,
				39D6BC511C2A9357009B5110 /* MemberBlogTableViewController.m */,
			);
			name = Controller;
			sourceTree = "<group>";
		};
		39114CE31C3CC59F008178B9 /* View */ = {
			isa = PBXGroup;
			children = (
				8EEBD3EB1B6C79CD005F5350 /* BlogTitleTableViewCell.h */,
				8EEBD3EC1B6C79CD005F5350 /* BlogTitleTableViewCell.m */,
				39D6BC551C2AE417009B5110 /* MemberNameTableViewCell.h */,
				39D6BC561C2AE417009B5110 /* MemberNameTableViewCell.m */,
			);
			name = View;
			sourceTree = "<group>";
		};
		393422161BF635D1002FD612 /* 2015_11 */ = {
			isa = PBXGroup;
			children = (
				393422171BF635D1002FD612 /* IMG_1611.JPG */,
				393422181BF635D1002FD612 /* IMG_1612.JPG */,
				393422191BF635D1002FD612 /* IMG_1613.JPG */,
				3934221A1BF635D1002FD612 /* IMG_1614.JPG */,
				3934221B1BF635D1002FD612 /* IMG_1615.JPG */,
				3934221C1BF635D1002FD612 /* IMG_1616.JPG */,
				3934221D1BF635D1002FD612 /* IMG_1617.JPG */,
				3934221E1BF635D1002FD612 /* IMG_1618.JPG */,
				3934221F1BF635D1002FD612 /* IMG_1619.JPG */,
				393422201BF635D1002FD612 /* IMG_1620.JPG */,
				393422211BF635D1002FD612 /* IMG_1621.JPG */,
				393422221BF635D1002FD612 /* IMG_1622.JPG */,
				393422231BF635D1002FD612 /* IMG_1623.JPG */,
				393422241BF635D1002FD612 /* IMG_1624.JPG */,
				393422251BF635D1002FD612 /* IMG_1625.JPG */,
				393422261BF635D1002FD612 /* IMG_1626.JPG */,
				393422271BF635D1002FD612 /* IMG_1627.JPG */,
				393422281BF635D1002FD612 /* IMG_1628.JPG */,
				393422291BF635D1002FD612 /* IMG_1629.JPG */,
				3934222A1BF635D1002FD612 /* IMG_1630.JPG */,
				3934222B1BF635D1002FD612 /* IMG_1631.JPG */,
				3934222C1BF635D1002FD612 /* IMG_1632.JPG */,
				3934222D1BF635D1002FD612 /* IMG_1633.JPG */,
				3934222E1BF635D1002FD612 /* IMG_1634.JPG */,
				3934222F1BF635D1002FD612 /* IMG_1635.JPG */,
				393422301BF635D1002FD612 /* IMG_1636.JPG */,
				393422311BF635D1002FD612 /* IMG_1637.JPG */,
				393422321BF635D1002FD612 /* IMG_1638.JPG */,
				393422331BF635D1002FD612 /* IMG_1639.JPG */,
				393422341BF635D1002FD612 /* IMG_1640.JPG */,
				393422351BF635D1002FD612 /* IMG_1641.JPG */,
				393422361BF635D1002FD612 /* IMG_1642.JPG */,
				393422371BF635D1002FD612 /* IMG_1643.JPG */,
				393422381BF635D1002FD612 /* IMG_1644.JPG */,
				393422391BF635D1002FD612 /* IMG_1645.JPG */,
				3934223A1BF635D1002FD612 /* IMG_1646.JPG */,
				3934223B1BF635D1002FD612 /* IMG_1647.JPG */,
			);
			path = 2015_11;
			sourceTree = "<group>";
		};
		3961E02B1C54BB9D00C503F1 /* AFNetworking */ = {
			isa = PBXGroup;
			children = (
				3961E02C1C54BB9D00C503F1 /* AFHTTPSessionManager.h */,
				3961E02D1C54BB9D00C503F1 /* AFHTTPSessionManager.m */,
				3961E02E1C54BB9D00C503F1 /* AFNetworking.h */,
				3961E02F1C54BB9D00C503F1 /* AFNetworkReachabilityManager.h */,
				3961E0301C54BB9D00C503F1 /* AFNetworkReachabilityManager.m */,
				3961E0311C54BB9D00C503F1 /* AFSecurityPolicy.h */,
				3961E0321C54BB9D00C503F1 /* AFSecurityPolicy.m */,
				3961E0331C54BB9D00C503F1 /* AFURLRequestSerialization.h */,
				3961E0341C54BB9D00C503F1 /* AFURLRequestSerialization.m */,
				3961E0351C54BB9D00C503F1 /* AFURLResponseSerialization.h */,
				3961E0361C54BB9D00C503F1 /* AFURLResponseSerialization.m */,
				3961E0371C54BB9D00C503F1 /* AFURLSessionManager.h */,
				3961E0381C54BB9D00C503F1 /* AFURLSessionManager.m */,
			);
			path = AFNetworking;
			sourceTree = "<group>";
		};
		3994CC9C1BD0E9F400074D43 /* ThirdParty */ = {
			isa = PBXGroup;
			children = (
				3961E02B1C54BB9D00C503F1 /* AFNetworking */,
				39D7FC641C0A8B69008F2E17 /* ViewDeck */,
				3903D9611BEA13A200FE6A19 /* MJRefresh */,
				3994CC9D1BD0EA1300074D43 /* MBProgressHUD.h */,
				3994CC9E1BD0EA1300074D43 /* MBProgressHUD.m */,
				3922DAC51B6F0A0E00926C01 /* Reachability.h */,
				3922DAC61B6F0A0E00926C01 /* Reachability.m */,
				39576B471C51DDB6001D1152 /* GDataXMLNode.h */,
				39576B481C51DDB6001D1152 /* GDataXMLNode.m */,
			);
			name = ThirdParty;
			sourceTree = "<group>";
		};
		39C727831BB43E8100DF7473 /* XMLParser */ = {
			isa = PBXGroup;
			children = (
				397AF28F1BA25CC500C93CEE /* BlogXMLParser.h */,
				397AF2901BA25CC500C93CEE /* BlogXMLParser.m */,
			);
			name = XMLParser;
			sourceTree = "<group>";
		};
		39D7FC641C0A8B69008F2E17 /* ViewDeck */ = {
			isa = PBXGroup;
			children = (
				39D7FC651C0A8B69008F2E17 /* IISideController.h */,
				39D7FC661C0A8B69008F2E17 /* IISideController.m */,
				39D7FC671C0A8B69008F2E17 /* IIViewDeckController.h */,
				39D7FC681C0A8B69008F2E17 /* IIViewDeckController.m */,
				39D7FC691C0A8B69008F2E17 /* IIWrapController.h */,
				39D7FC6A1C0A8B69008F2E17 /* IIWrapController.m */,
				39D7FC6B1C0A8B69008F2E17 /* ViewDeck.h */,
			);
			path = ViewDeck;
			sourceTree = "<group>";
		};
		8EEBD3B91B6C670F005F5350 = {
			isa = PBXGroup;
			children = (
				8EEBD3C41B6C670F005F5350 /* BlogViewer */,
				8EEBD3C31B6C670F005F5350 /* Products */,
			);
			sourceTree = "<group>";
		};
		8EEBD3C31B6C670F005F5350 /* Products */ = {
			isa = PBXGroup;
			children = (
				8EEBD3C21B6C670F005F5350 /* BlogViewer.app */,
			);
			name = Products;
			sourceTree = "<group>";
		};
		8EEBD3C41B6C670F005F5350 /* BlogViewer */ = {
			isa = PBXGroup;
			children = (
				39114CE11C3CC576008178B9 /* Model */,
				39114CE31C3CC59F008178B9 /* View */,
				39114CE21C3CC58E008178B9 /* Controller */,
				8EEBD3C91B6C670F005F5350 /* AppDelegate.h */,
				8EEBD3CA1B6C670F005F5350 /* AppDelegate.m */,
				8EEBD3CF1B6C670F005F5350 /* Main.storyboard */,
				39C7277F1BB42F3600DF7473 /* Launch Screen.storyboard */,
				3922DACA1B6F2C7700926C01 /* Images.xcassets */,
				3994CC9C1BD0E9F400074D43 /* ThirdParty */,
				39C727831BB43E8100DF7473 /* XMLParser */,
				8EEBD3C51B6C670F005F5350 /* Supporting Files */,
			);
			path = BlogViewer;
			sourceTree = "<group>";
		};
		8EEBD3C51B6C670F005F5350 /* Supporting Files */ = {
			isa = PBXGroup;
			children = (
				393422161BF635D1002FD612 /* 2015_11 */,
				8EEBD3F61B6DA9F1005F5350 /* 2015_08 */,
				8EEBD3C61B6C670F005F5350 /* Info.plist */,
				8EEBD3C71B6C670F005F5350 /* main.m */,
				8EEBD4411B6DAAAC005F5350 /* nameWithIcon.plist */,
			);
			name = "Supporting Files";
			sourceTree = "<group>";
		};
		8EEBD3F61B6DA9F1005F5350 /* 2015_08 */ = {
			isa = PBXGroup;
			children = (
				3915F4C41BDBCDAD006EEB2D /* BlogViewer-Logo.png */,
				390295DD1BCF2F9800BFB984 /* Menu_24.226579520697px_1183427_easyicon.net.png */,
				390295D71BCF2E5F00BFB984 /* arrow_back_32px_1181650_easyicon.net.png */,
				39C727861BB4F77F00DF7473 /* Nogizaka46.PNG */,
				39D553B71B70F3FC00C0E061 /* IMG_Staff.JPG */,
				8EEBD3F71B6DA9F1005F5350 /* IMG_0231.JPG */,
				8EEBD3F81B6DA9F1005F5350 /* IMG_0232.JPG */,
				8EEBD3F91B6DA9F1005F5350 /* IMG_0233.JPG */,
				8EEBD3FA1B6DA9F1005F5350 /* IMG_0234.JPG */,
				8EEBD3FB1B6DA9F1005F5350 /* IMG_0235.JPG */,
				8EEBD3FC1B6DA9F1005F5350 /* IMG_0236.JPG */,
				8EEBD3FD1B6DA9F1005F5350 /* IMG_0237.JPG */,
				8EEBD3FE1B6DA9F1005F5350 /* IMG_0238.JPG */,
				8EEBD3FF1B6DA9F1005F5350 /* IMG_0239.JPG */,
				8EEBD4001B6DA9F1005F5350 /* IMG_0240.JPG */,
				8EEBD4011B6DA9F1005F5350 /* IMG_0241.JPG */,
				8EEBD4021B6DA9F1005F5350 /* IMG_0242.JPG */,
				8EEBD4031B6DA9F1005F5350 /* IMG_0243.JPG */,
				8EEBD4041B6DA9F1005F5350 /* IMG_0244.JPG */,
				8EEBD4051B6DA9F1005F5350 /* IMG_0245.JPG */,
				8EEBD4061B6DA9F1005F5350 /* IMG_0246.JPG */,
				8EEBD4071B6DA9F1005F5350 /* IMG_0247.JPG */,
				8EEBD4081B6DA9F1005F5350 /* IMG_0248.JPG */,
				8EEBD4091B6DA9F1005F5350 /* IMG_0249.JPG */,
				8EEBD40A1B6DA9F1005F5350 /* IMG_0250.JPG */,
				8EEBD40B1B6DA9F1005F5350 /* IMG_0251.JPG */,
				8EEBD40C1B6DA9F1005F5350 /* IMG_0252.JPG */,
				8EEBD40D1B6DA9F1005F5350 /* IMG_0253.JPG */,
				8EEBD40E1B6DA9F1005F5350 /* IMG_0254.JPG */,
				8EEBD40F1B6DA9F1005F5350 /* IMG_0255.JPG */,
				8EEBD4101B6DA9F1005F5350 /* IMG_0256.JPG */,
				8EEBD4111B6DA9F1005F5350 /* IMG_0257.JPG */,
				8EEBD4121B6DA9F1005F5350 /* IMG_0258.JPG */,
				8EEBD4131B6DA9F1005F5350 /* IMG_0259.JPG */,
				8EEBD4141B6DA9F1005F5350 /* IMG_0260.JPG */,
				8EEBD4151B6DA9F1005F5350 /* IMG_0261.JPG */,
				8EEBD4161B6DA9F1005F5350 /* IMG_0262.JPG */,
				8EEBD4171B6DA9F1005F5350 /* IMG_0263.JPG */,
				8EEBD4181B6DA9F1005F5350 /* IMG_0264.JPG */,
				8EEBD4191B6DA9F1005F5350 /* IMG_0265.JPG */,
				8EEBD41A1B6DA9F1005F5350 /* IMG_0266.JPG */,
				8EEBD41B1B6DA9F1005F5350 /* IMG_0267.JPG */,
			);
			path = 2015_08;
			sourceTree = "<group>";
		};
/* End PBXGroup section */

/* Begin PBXNativeTarget section */
		8EEBD3C11B6C670F005F5350 /* BlogViewer */ = {
			isa = PBXNativeTarget;
			buildConfigurationList = 8EEBD3E51B6C670F005F5350 /* Build configuration list for PBXNativeTarget "BlogViewer" */;
			buildPhases = (
				8EEBD3BE1B6C670F005F5350 /* Sources */,
				8EEBD3BF1B6C670F005F5350 /* Frameworks */,
				8EEBD3C01B6C670F005F5350 /* Resources */,
			);
			buildRules = (
			);
			dependencies = (
			);
			name = BlogViewer;
			productName = BlogViewer;
			productReference = 8EEBD3C21B6C670F005F5350 /* BlogViewer.app */;
			productType = "com.apple.product-type.application";
		};
/* End PBXNativeTarget section */

/* Begin PBXProject section */
		8EEBD3BA1B6C670F005F5350 /* Project object */ = {
			isa = PBXProject;
			attributes = {
				LastUpgradeCheck = 0700;
				ORGANIZATIONNAME = YangJing;
				TargetAttributes = {
					8EEBD3C11B6C670F005F5350 = {
						CreatedOnToolsVersion = 6.4;
						DevelopmentTeam = DD3DS98XH4;
					};
				};
			};
			buildConfigurationList = 8EEBD3BD1B6C670F005F5350 /* Build configuration list for PBXProject "BlogViewer" */;
			compatibilityVersion = "Xcode 3.2";
			developmentRegion = English;
			hasScannedForEncodings = 0;
			knownRegions = (
				en,
				Base,
			);
			mainGroup = 8EEBD3B91B6C670F005F5350;
			productRefGroup = 8EEBD3C31B6C670F005F5350 /* Products */;
			projectDirPath = "";
			projectRoot = "";
			targets = (
				8EEBD3C11B6C670F005F5350 /* BlogViewer */,
			);
		};
/* End PBXProject section */

/* Begin PBXResourcesBuildPhase section */
		8EEBD3C01B6C670F005F5350 /* Resources */ = {
			isa = PBXResourcesBuildPhase;
			buildActionMask = 2147483647;
			files = (
				3934225C1BF635D1002FD612 /* IMG_1643.JPG in Resources */,
				393422521BF635D1002FD612 /* IMG_1633.JPG in Resources */,
				8EEBD43F1B6DA9F1005F5350 /* IMG_0266.JPG in Resources */,
				8EEBD4331B6DA9F1005F5350 /* IMG_0254.JPG in Resources */,
				8EEBD42D1B6DA9F1005F5350 /* IMG_0248.JPG in Resources */,
				8EEBD42A1B6DA9F1005F5350 /* IMG_0245.JPG in Resources */,
				8EEBD4361B6DA9F1005F5350 /* IMG_0257.JPG in Resources */,
				8EEBD43D1B6DA9F1005F5350 /* IMG_0264.JPG in Resources */,
				393422551BF635D1002FD612 /* IMG_1636.JPG in Resources */,
				3934224D1BF635D1002FD612 /* IMG_1628.JPG in Resources */,
				393422571BF635D1002FD612 /* IMG_1638.JPG in Resources */,
				39C727801BB42F3600DF7473 /* Launch Screen.storyboard in Resources */,
				393422431BF635D1002FD612 /* IMG_1618.JPG in Resources */,
				3934224F1BF635D1002FD612 /* IMG_1630.JPG in Resources */,
				8EEBD4281B6DA9F1005F5350 /* IMG_0243.JPG in Resources */,
				393422441BF635D1002FD612 /* IMG_1619.JPG in Resources */,
				8EEBD4261B6DA9F1005F5350 /* IMG_0241.JPG in Resources */,
				3934223E1BF635D1002FD612 /* IMG_1613.JPG in Resources */,
				8EEBD4251B6DA9F1005F5350 /* IMG_0240.JPG in Resources */,
				3934225A1BF635D1002FD612 /* IMG_1641.JPG in Resources */,
				3922DACB1B6F2C7700926C01 /* Images.xcassets in Resources */,
				3934224E1BF635D1002FD612 /* IMG_1629.JPG in Resources */,
				8EEBD4381B6DA9F1005F5350 /* IMG_0259.JPG in Resources */,
				8EEBD4211B6DA9F1005F5350 /* IMG_0236.JPG in Resources */,
				8EEBD4271B6DA9F1005F5350 /* IMG_0242.JPG in Resources */,
				3903D99C1BEA13A200FE6A19 /* MJRefresh.bundle in Resources */,
				393422481BF635D1002FD612 /* IMG_1623.JPG in Resources */,
				3934225E1BF635D1002FD612 /* IMG_1645.JPG in Resources */,
				393422471BF635D1002FD612 /* IMG_1622.JPG in Resources */,
				8EEBD4421B6DAAAC005F5350 /* nameWithIcon.plist in Resources */,
				8EEBD3D11B6C670F005F5350 /* Main.storyboard in Resources */,
				8EEBD4201B6DA9F1005F5350 /* IMG_0235.JPG in Resources */,
				8EEBD4391B6DA9F1005F5350 /* IMG_0260.JPG in Resources */,
				8EEBD42C1B6DA9F1005F5350 /* IMG_0247.JPG in Resources */,
				8EEBD4221B6DA9F1005F5350 /* IMG_0237.JPG in Resources */,
				3934224A1BF635D1002FD612 /* IMG_1625.JPG in Resources */,
				8EEBD42B1B6DA9F1005F5350 /* IMG_0246.JPG in Resources */,
				8EEBD4371B6DA9F1005F5350 /* IMG_0258.JPG in Resources */,
				393422511BF635D1002FD612 /* IMG_1632.JPG in Resources */,
				8EEBD41F1B6DA9F1005F5350 /* IMG_0234.JPG in Resources */,
				8EEBD43C1B6DA9F1005F5350 /* IMG_0263.JPG in Resources */,
				393422411BF635D1002FD612 /* IMG_1616.JPG in Resources */,
				393422601BF635D1002FD612 /* IMG_1647.JPG in Resources */,
				393422451BF635D1002FD612 /* IMG_1620.JPG in Resources */,
				8EEBD4321B6DA9F1005F5350 /* IMG_0253.JPG in Resources */,
				8EEBD4291B6DA9F1005F5350 /* IMG_0244.JPG in Resources */,
				8EEBD41C1B6DA9F1005F5350 /* IMG_0231.JPG in Resources */,
				8EEBD4301B6DA9F1005F5350 /* IMG_0251.JPG in Resources */,
				3934224B1BF635D1002FD612 /* IMG_1626.JPG in Resources */,
				8EEBD41E1B6DA9F1005F5350 /* IMG_0233.JPG in Resources */,
				393422581BF635D1002FD612 /* IMG_1639.JPG in Resources */,
				393422591BF635D1002FD612 /* IMG_1640.JPG in Resources */,
				393422531BF635D1002FD612 /* IMG_1634.JPG in Resources */,
				8EEBD41D1B6DA9F1005F5350 /* IMG_0232.JPG in Resources */,
				393422561BF635D1002FD612 /* IMG_1637.JPG in Resources */,
				8EEBD42F1B6DA9F1005F5350 /* IMG_0250.JPG in Resources */,
				3934223D1BF635D1002FD612 /* IMG_1612.JPG in Resources */,
				3934223F1BF635D1002FD612 /* IMG_1614.JPG in Resources */,
				8EEBD43E1B6DA9F1005F5350 /* IMG_0265.JPG in Resources */,
				390295D81BCF2E5F00BFB984 /* arrow_back_32px_1181650_easyicon.net.png in Resources */,
				3934225F1BF635D1002FD612 /* IMG_1646.JPG in Resources */,
				393422401BF635D1002FD612 /* IMG_1615.JPG in Resources */,
				393422461BF635D1002FD612 /* IMG_1621.JPG in Resources */,
				3934224C1BF635D1002FD612 /* IMG_1627.JPG in Resources */,
				3934225D1BF635D1002FD612 /* IMG_1644.JPG in Resources */,
				8EEBD43A1B6DA9F1005F5350 /* IMG_0261.JPG in Resources */,
				3915F4C51BDBCDAD006EEB2D /* BlogViewer-Logo.png in Resources */,
				8EEBD42E1B6DA9F1005F5350 /* IMG_0249.JPG in Resources */,
				8EEBD4351B6DA9F1005F5350 /* IMG_0256.JPG in Resources */,
				390295DE1BCF2F9800BFB984 /* Menu_24.226579520697px_1183427_easyicon.net.png in Resources */,
				39D553B81B70F3FC00C0E061 /* IMG_Staff.JPG in Resources */,
				8EEBD4241B6DA9F1005F5350 /* IMG_0239.JPG in Resources */,
				3934225B1BF635D1002FD612 /* IMG_1642.JPG in Resources */,
				3934223C1BF635D1002FD612 /* IMG_1611.JPG in Resources */,
				8EEBD4311B6DA9F1005F5350 /* IMG_0252.JPG in Resources */,
				393422541BF635D1002FD612 /* IMG_1635.JPG in Resources */,
				8EEBD4231B6DA9F1005F5350 /* IMG_0238.JPG in Resources */,
				8EEBD43B1B6DA9F1005F5350 /* IMG_0262.JPG in Resources */,
				393422501BF635D1002FD612 /* IMG_1631.JPG in Resources */,
				8EEBD4401B6DA9F1005F5350 /* IMG_0267.JPG in Resources */,
				393422491BF635D1002FD612 /* IMG_1624.JPG in Resources */,
				8EEBD4341B6DA9F1005F5350 /* IMG_0255.JPG in Resources */,
				393422421BF635D1002FD612 /* IMG_1617.JPG in Resources */,
				39C727871BB4F77F00DF7473 /* Nogizaka46.PNG in Resources */,
			);
			runOnlyForDeploymentPostprocessing = 0;
		};
/* End PBXResourcesBuildPhase section */

/* Begin PBXSourcesBuildPhase section */
		8EEBD3BE1B6C670F005F5350 /* Sources */ = {
			isa = PBXSourcesBuildPhase;
			buildActionMask = 2147483647;
			files = (
				397AF2911BA25CC500C93CEE /* BlogXMLParser.m in Sources */,
				39D7FC6D1C0A8B69008F2E17 /* IIViewDeckController.m in Sources */,
				39D6BC571C2AE417009B5110 /* MemberNameTableViewCell.m in Sources */,
				3961E0391C54BB9D00C503F1 /* AFHTTPSessionManager.m in Sources */,
				3903D9961BEA13A200FE6A19 /* MJRefreshBackGifFooter.m in Sources */,
				3903D9931BEA13A200FE6A19 /* MJRefreshAutoGifFooter.m in Sources */,
				3961E03E1C54BB9D00C503F1 /* AFURLSessionManager.m in Sources */,
				3961E03C1C54BB9D00C503F1 /* AFURLRequestSerialization.m in Sources */,
				3903D99A1BEA13A200FE6A19 /* MJRefreshNormalHeader.m in Sources */,
				8EEBD3ED1B6C79CD005F5350 /* BlogTitleTableViewCell.m in Sources */,
				3961E03B1C54BB9D00C503F1 /* AFSecurityPolicy.m in Sources */,
				8EEBD3CE1B6C670F005F5350 /* ViewController.m in Sources */,
				3903D9951BEA13A200FE6A19 /* MJRefreshAutoStateFooter.m in Sources */,
				3903D99D1BEA13A200FE6A19 /* MJRefreshConst.m in Sources */,
				8EEBD3CB1B6C670F005F5350 /* AppDelegate.m in Sources */,
				3961E03D1C54BB9D00C503F1 /* AFURLResponseSerialization.m in Sources */,
				395B17CE1C0BE9E4008A5D55 /* MemberNameViewController.m in Sources */,
				3903D9A01BEA13A200FE6A19 /* UIView+MJExtension.m in Sources */,
				8EEBD3C81B6C670F005F5350 /* main.m in Sources */,
				3903D9991BEA13A200FE6A19 /* MJRefreshGifHeader.m in Sources */,
				3903D9911BEA13A200FE6A19 /* MJRefreshFooter.m in Sources */,
				3903D99E1BEA13A200FE6A19 /* UIScrollView+MJExtension.m in Sources */,
				3903D99F1BEA13A200FE6A19 /* UIScrollView+MJRefresh.m in Sources */,
				3903D99B1BEA13A200FE6A19 /* MJRefreshStateHeader.m in Sources */,
				3922DAC71B6F0A0E00926C01 /* Reachability.m in Sources */,
				3903D9901BEA13A200FE6A19 /* MJRefreshComponent.m in Sources */,
				3903D9981BEA13A200FE6A19 /* MJRefreshBackStateFooter.m in Sources */,
				39576B491C51DDB6001D1152 /* GDataXMLNode.m in Sources */,
				3903D9921BEA13A200FE6A19 /* MJRefreshHeader.m in Sources */,
				39D7FC831C0AA501008F2E17 /* LeftViewController.m in Sources */,
				8EEBD3F31B6C92DE005F5350 /* DetailViewController.m in Sources */,
				39D6BC771C2BEEB1009B5110 /* BlogModel.m in Sources */,
				3903D9941BEA13A200FE6A19 /* MJRefreshAutoNormalFooter.m in Sources */,
				3903D98E1BEA13A200FE6A19 /* MJRefreshAutoFooter.m in Sources */,
				39D7FC6C1C0A8B69008F2E17 /* IISideController.m in Sources */,
				3903D9971BEA13A200FE6A19 /* MJRefreshBackNormalFooter.m in Sources */,
				3961E03A1C54BB9D00C503F1 /* AFNetworkReachabilityManager.m in Sources */,
				3903D98F1BEA13A200FE6A19 /* MJRefreshBackFooter.m in Sources */,
				39D6BC521C2A9357009B5110 /* MemberBlogTableViewController.m in Sources */,
				39D7FC6E1C0A8B69008F2E17 /* IIWrapController.m in Sources */,
				3994CC9F1BD0EA1300074D43 /* MBProgressHUD.m in Sources */,
			);
			runOnlyForDeploymentPostprocessing = 0;
		};
/* End PBXSourcesBuildPhase section */

/* Begin PBXVariantGroup section */
		8EEBD3CF1B6C670F005F5350 /* Main.storyboard */ = {
			isa = PBXVariantGroup;
			children = (
				8EEBD3D01B6C670F005F5350 /* Base */,
			);
			name = Main.storyboard;
			sourceTree = "<group>";
		};
/* End PBXVariantGroup section */

/* Begin XCBuildConfiguration section */
		8EEBD3E31B6C670F005F5350 /* Debug */ = {
			isa = XCBuildConfiguration;
			buildSettings = {
				ALWAYS_SEARCH_USER_PATHS = NO;
				CLANG_CXX_LANGUAGE_STANDARD = "gnu++0x";
				CLANG_CXX_LIBRARY = "libc++";
				CLANG_ENABLE_MODULES = YES;
				CLANG_ENABLE_OBJC_ARC = YES;
				CLANG_WARN_BOOL_CONVERSION = YES;
				CLANG_WARN_CONSTANT_CONVERSION = YES;
				CLANG_WARN_DIRECT_OBJC_ISA_USAGE = YES_ERROR;
				CLANG_WARN_EMPTY_BODY = YES;
				CLANG_WARN_ENUM_CONVERSION = YES;
				CLANG_WARN_INT_CONVERSION = YES;
				CLANG_WARN_OBJC_ROOT_CLASS = YES_ERROR;
				CLANG_WARN_UNREACHABLE_CODE = YES;
				CLANG_WARN__DUPLICATE_METHOD_MATCH = YES;
				"CODE_SIGN_IDENTITY[sdk=iphoneos*]" = "iPhone Developer";
				COPY_PHASE_STRIP = NO;
				DEBUG_INFORMATION_FORMAT = "dwarf-with-dsym";
				ENABLE_STRICT_OBJC_MSGSEND = YES;
				ENABLE_TESTABILITY = YES;
				GCC_C_LANGUAGE_STANDARD = gnu99;
				GCC_DYNAMIC_NO_PIC = NO;
				GCC_NO_COMMON_BLOCKS = YES;
				GCC_OPTIMIZATION_LEVEL = 0;
				GCC_PREPROCESSOR_DEFINITIONS = (
					"DEBUG=1",
					"$(inherited)",
				);
				GCC_SYMBOLS_PRIVATE_EXTERN = NO;
				GCC_WARN_64_TO_32_BIT_CONVERSION = YES;
				GCC_WARN_ABOUT_RETURN_TYPE = YES_ERROR;
				GCC_WARN_UNDECLARED_SELECTOR = YES;
				GCC_WARN_UNINITIALIZED_AUTOS = YES_AGGRESSIVE;
				GCC_WARN_UNUSED_FUNCTION = YES;
				GCC_WARN_UNUSED_VARIABLE = YES;
				IPHONEOS_DEPLOYMENT_TARGET = 8.4;
				MTL_ENABLE_DEBUG_INFO = YES;
				ONLY_ACTIVE_ARCH = YES;
				SDKROOT = iphoneos;
			};
			name = Debug;
		};
		8EEBD3E41B6C670F005F5350 /* Release */ = {
			isa = XCBuildConfiguration;
			buildSettings = {
				ALWAYS_SEARCH_USER_PATHS = NO;
				CLANG_CXX_LANGUAGE_STANDARD = "gnu++0x";
				CLANG_CXX_LIBRARY = "libc++";
				CLANG_ENABLE_MODULES = YES;
				CLANG_ENABLE_OBJC_ARC = YES;
				CLANG_WARN_BOOL_CONVERSION = YES;
				CLANG_WARN_CONSTANT_CONVERSION = YES;
				CLANG_WARN_DIRECT_OBJC_ISA_USAGE = YES_ERROR;
				CLANG_WARN_EMPTY_BODY = YES;
				CLANG_WARN_ENUM_CONVERSION = YES;
				CLANG_WARN_INT_CONVERSION = YES;
				CLANG_WARN_OBJC_ROOT_CLASS = YES_ERROR;
				CLANG_WARN_UNREACHABLE_CODE = YES;
				CLANG_WARN__DUPLICATE_METHOD_MATCH = YES;
				"CODE_SIGN_IDENTITY[sdk=iphoneos*]" = "iPhone Developer";
				COPY_PHASE_STRIP = NO;
				DEBUG_INFORMATION_FORMAT = "dwarf-with-dsym";
				ENABLE_NS_ASSERTIONS = NO;
				ENABLE_STRICT_OBJC_MSGSEND = YES;
				GCC_C_LANGUAGE_STANDARD = gnu99;
				GCC_NO_COMMON_BLOCKS = YES;
				GCC_WARN_64_TO_32_BIT_CONVERSION = YES;
				GCC_WARN_ABOUT_RETURN_TYPE = YES_ERROR;
				GCC_WARN_UNDECLARED_SELECTOR = YES;
				GCC_WARN_UNINITIALIZED_AUTOS = YES_AGGRESSIVE;
				GCC_WARN_UNUSED_FUNCTION = YES;
				GCC_WARN_UNUSED_VARIABLE = YES;
				IPHONEOS_DEPLOYMENT_TARGET = 8.4;
				MTL_ENABLE_DEBUG_INFO = NO;
				SDKROOT = iphoneos;
				VALIDATE_PRODUCT = YES;
			};
			name = Release;
		};
		8EEBD3E61B6C670F005F5350 /* Debug */ = {
			isa = XCBuildConfiguration;
			buildSettings = {
				ASSETCATALOG_COMPILER_APPICON_NAME = AppIcon;
				CODE_SIGN_IDENTITY = "iPhone Developer";
				"CODE_SIGN_IDENTITY[sdk=iphoneos*]" = "iPhone Developer";
				HEADER_SEARCH_PATHS = /usr/include/libxml2;
				INFOPLIST_FILE = BlogViewer/Info.plist;
				IPHONEOS_DEPLOYMENT_TARGET = 8.0;
				LD_RUNPATH_SEARCH_PATHS = "$(inherited) @executable_path/Frameworks";
				OTHER_LDFLAGS = "-lxml2";
				PRODUCT_BUNDLE_IDENTIFIER = per.yj.BlogViewer;
				PRODUCT_NAME = "$(TARGET_NAME)";
				PROVISIONING_PROFILE = "";
				TARGETED_DEVICE_FAMILY = "1,2";
			};
			name = Debug;
		};
		8EEBD3E71B6C670F005F5350 /* Release */ = {
			isa = XCBuildConfiguration;
			buildSettings = {
				ASSETCATALOG_COMPILER_APPICON_NAME = AppIcon;
				CODE_SIGN_IDENTITY = "iPhone Developer";
				"CODE_SIGN_IDENTITY[sdk=iphoneos*]" = "iPhone Developer";
				HEADER_SEARCH_PATHS = /usr/include/libxml2;
				INFOPLIST_FILE = BlogViewer/Info.plist;
				IPHONEOS_DEPLOYMENT_TARGET = 8.0;
				LD_RUNPATH_SEARCH_PATHS = "$(inherited) @executable_path/Frameworks";
				OTHER_LDFLAGS = "-lxml2";
				PRODUCT_BUNDLE_IDENTIFIER = per.yj.BlogViewer;
				PRODUCT_NAME = "$(TARGET_NAME)";
				PROVISIONING_PROFILE = "";
				TARGETED_DEVICE_FAMILY = "1,2";
			};
			name = Release;
		};
/* End XCBuildConfiguration section */

/* Begin XCConfigurationList section */
		8EEBD3BD1B6C670F005F5350 /* Build configuration list for PBXProject "BlogViewer" */ = {
			isa = XCConfigurationList;
			buildConfigurations = (
				8EEBD3E31B6C670F005F5350 /* Debug */,
				8EEBD3E41B6C670F005F5350 /* Release */,
			);
			defaultConfigurationIsVisible = 0;
			defaultConfigurationName = Release;
		};
		8EEBD3E51B6C670F005F5350 /* Build configuration list for PBXNativeTarget "BlogViewer" */ = {
			isa = XCConfigurationList;
			buildConfigurations = (
				8EEBD3E61B6C670F005F5350 /* Debug */,
				8EEBD3E71B6C670F005F5350 /* Release */,
			);
			defaultConfigurationIsVisible = 0;
			defaultConfigurationName = Release;
		};
/* End XCConfigurationList section */
	};
	rootObject = 8EEBD3BA1B6C670F005F5350 /* Project object */;
}
